// !$*UTF8*$!
{
	archiveVersion = 1;
	classes = {
	};
	objectVersion = 50;
	objects = {

/* Begin PBXBuildFile section */
		D7D7762320F897AD002B8DBF /* AppDelegate.swift in Sources */ = {isa = PBXBuildFile; fileRef = D7D7762220F897AD002B8DBF /* AppDelegate.swift */; };
		D7D7762520F897AD002B8DBF /* ViewController.swift in Sources */ = {isa = PBXBuildFile; fileRef = D7D7762420F897AD002B8DBF /* ViewController.swift */; };
		D7D7762820F897AD002B8DBF /* Main.storyboard in Resources */ = {isa = PBXBuildFile; fileRef = D7D7762620F897AD002B8DBF /* Main.storyboard */; };
		D7D7762A20F897AE002B8DBF /* Assets.xcassets in Resources */ = {isa = PBXBuildFile; fileRef = D7D7762920F897AE002B8DBF /* Assets.xcassets */; };
		D7D7762D20F897AE002B8DBF /* LaunchScreen.storyboard in Resources */ = {isa = PBXBuildFile; fileRef = D7D7762B20F897AE002B8DBF /* LaunchScreen.storyboard */; };
		D7D7763520F8B480002B8DBF /* AuthViewController.swift in Sources */ = {isa = PBXBuildFile; fileRef = D7D7763420F8B480002B8DBF /* AuthViewController.swift */; };
		D7D7763720F8C077002B8DBF /* DiskFile.swift in Sources */ = {isa = PBXBuildFile; fileRef = D7D7763620F8C077002B8DBF /* DiskFile.swift */; };
		D7D7763920F8C44F002B8DBF /* FileTableViewCell.swift in Sources */ = {isa = PBXBuildFile; fileRef = D7D7763820F8C44F002B8DBF /* FileTableViewCell.swift */; };
/* End PBXBuildFile section */

/* Begin PBXFileReference section */
		D7D7761F20F897AD002B8DBF /* diskPhoto.app */ = {isa = PBXFileReference; explicitFileType = wrapper.application; includeInIndex = 0; path = diskPhoto.app; sourceTree = BUILT_PRODUCTS_DIR; };
		D7D7762220F897AD002B8DBF /* AppDelegate.swift */ = {isa = PBXFileReference; lastKnownFileType = sourcecode.swift; path = AppDelegate.swift; sourceTree = "<group>"; };
		D7D7762420F897AD002B8DBF /* ViewController.swift */ = {isa = PBXFileReference; lastKnownFileType = sourcecode.swift; path = ViewController.swift; sourceTree = "<group>"; };
		D7D7762720F897AD002B8DBF /* Base */ = {isa = PBXFileReference; lastKnownFileType = file.storyboard; name = Base; path = Base.lproj/Main.storyboard; sourceTree = "<group>"; };
		D7D7762920F897AE002B8DBF /* Assets.xcassets */ = {isa = PBXFileReference; lastKnownFileType = folder.assetcatalog; path = Assets.xcassets; sourceTree = "<group>"; };
		D7D7762C20F897AE002B8DBF /* Base */ = {isa = PBXFileReference; lastKnownFileType = file.storyboard; name = Base; path = Base.lproj/LaunchScreen.storyboard; sourceTree = "<group>"; };
		D7D7762E20F897AE002B8DBF /* Info.plist */ = {isa = PBXFileReference; lastKnownFileType = text.plist.xml; path = Info.plist; sourceTree = "<group>"; };
		D7D7763420F8B480002B8DBF /* AuthViewController.swift */ = {isa = PBXFileReference; lastKnownFileType = sourcecode.swift; path = AuthViewController.swift; sourceTree = "<group>"; };
		D7D7763620F8C077002B8DBF /* DiskFile.swift */ = {isa = PBXFileReference; lastKnownFileType = sourcecode.swift; path = DiskFile.swift; sourceTree = "<group>"; };
		D7D7763820F8C44F002B8DBF /* FileTableViewCell.swift */ = {isa = PBXFileReference; lastKnownFileType = sourcecode.swift; path = FileTableViewCell.swift; sourceTree = "<group>"; };
/* End PBXFileReference section */

/* Begin PBXFrameworksBuildPhase section */
		D7D7761C20F897AD002B8DBF /* Frameworks */ = {
			isa = PBXFrameworksBuildPhase;
			buildActionMask = 2147483647;
			files = (
			);
			runOnlyForDeploymentPostprocessing = 0;
		};
/* End PBXFrameworksBuildPhase section */

/* Begin PBXGroup section */
		D7D7761620F897AD002B8DBF = {
			isa = PBXGroup;
			children = (
				D7D7762120F897AD002B8DBF /* diskPhoto */,
				D7D7762020F897AD002B8DBF /* Products */,
			);
			sourceTree = "<group>";
		};
		D7D7762020F897AD002B8DBF /* Products */ = {
			isa = PBXGroup;
			children = (
				D7D7761F20F897AD002B8DBF /* diskPhoto.app */,
			);
			name = Products;
			sourceTree = "<group>";
		};
		D7D7762120F897AD002B8DBF /* diskPhoto */ = {
			isa = PBXGroup;
			children = (
				D7D7762220F897AD002B8DBF /* AppDelegate.swift */,
				D7D7762420F897AD002B8DBF /* ViewController.swift */,
				D7D7763420F8B480002B8DBF /* AuthViewController.swift */,
				D7D7762620F897AD002B8DBF /* Main.storyboard */,
				D7D7762920F897AE002B8DBF /* Assets.xcassets */,
				D7D7762B20F897AE002B8DBF /* LaunchScreen.storyboard */,
				D7D7762E20F897AE002B8DBF /* Info.plist */,
				D7D7763620F8C077002B8DBF /* DiskFile.swift */,
				D7D7763820F8C44F002B8DBF /* FileTableViewCell.swift */,
			);
			path = diskPhoto;
			sourceTree = "<group>";
		};
/* End PBXGroup section */

/* Begin PBXNativeTarget section */
		D7D7761E20F897AD002B8DBF /* diskPhoto */ = {
			isa = PBXNativeTarget;
			buildConfigurationList = D7D7763120F897AE002B8DBF /* Build configuration list for PBXNativeTarget "diskPhoto" */;
			buildPhases = (
				D7D7761B20F897AD002B8DBF /* Sources */,
				D7D7761C20F897AD002B8DBF /* Frameworks */,
				D7D7761D20F897AD002B8DBF /* Resources */,
			);
			buildRules = (
			);
			dependencies = (
			);
			name = diskPhoto;
			productName = diskPhoto;
			productReference = D7D7761F20F897AD002B8DBF /* diskPhoto.app */;
			productType = "com.apple.product-type.application";
		};
/* End PBXNativeTarget section */

/* Begin PBXProject section */
		D7D7761720F897AD002B8DBF /* Project object */ = {
			isa = PBXProject;
			attributes = {
				LastSwiftUpdateCheck = 0940;
				LastUpgradeCheck = 0940;
				ORGANIZATIONNAME = Yandex;
				TargetAttributes = {
					D7D7761E20F897AD002B8DBF = {
						CreatedOnToolsVersion = 9.4.1;
					};
				};
			};
			buildConfigurationList = D7D7761A20F897AD002B8DBF /* Build configuration list for PBXProject "diskPhoto" */;
			compatibilityVersion = "Xcode 9.3";
			developmentRegion = en;
			hasScannedForEncodings = 0;
			knownRegions = (
				en,
				Base,
			);
			mainGroup = D7D7761620F897AD002B8DBF;
			productRefGroup = D7D7762020F897AD002B8DBF /* Products */;
			projectDirPath = "";
			projectRoot = "";
			targets = (
				D7D7761E20F897AD002B8DBF /* diskPhoto */,
			);
		};
/* End PBXProject section */

/* Begin PBXResourcesBuildPhase section */
		D7D7761D20F897AD002B8DBF /* Resources */ = {
			isa = PBXResourcesBuildPhase;
			buildActionMask = 2147483647;
			files = (
				D7D7762D20F897AE002B8DBF /* LaunchScreen.storyboard in Resources */,
				D7D7762A20F897AE002B8DBF /* Assets.xcassets in Resources */,
				D7D7762820F897AD002B8DBF /* Main.storyboard in Resources */,
			);
			runOnlyForDeploymentPostprocessing = 0;
		};
/* End PBXResourcesBuildPhase section */

/* Begin PBXSourcesBuildPhase section */
		D7D7761B20F897AD002B8DBF /* Sources */ = {
			isa = PBXSourcesBuildPhase;
			buildActionMask = 2147483647;
			files = (
				D7D7763720F8C077002B8DBF /* DiskFile.swift in Sources */,
				D7D7762520F897AD002B8DBF /* ViewController.swift in Sources */,
				D7D7763920F8C44F002B8DBF /* FileTableViewCell.swift in Sources */,
				D7D7763520F8B480002B8DBF /* AuthViewController.swift in Sources */,
				D7D7762320F897AD002B8DBF /* AppDelegate.swift in Sources */,
			);
			runOnlyForDeploymentPostprocessing = 0;
		};
/* End PBXSourcesBuildPhase section */

/* Begin PBXVariantGroup section */
		D7D7762620F897AD002B8DBF /* Main.storyboard */ = {
			isa = PBXVariantGroup;
			children = (
				D7D7762720F897AD002B8DBF /* Base */,
			);
			name = Main.storyboard;
			sourceTree = "<group>";
		};
		D7D7762B20F897AE002B8DBF /* LaunchScreen.storyboard */ = {
			isa = PBXVariantGroup;
			children = (
				D7D7762C20F897AE002B8DBF /* Base */,
			);
			name = LaunchScreen.storyboard;
			sourceTree = "<group>";
		};
/* End PBXVariantGroup section */

/* Begin XCBuildConfiguration section */
		D7D7762F20F897AE002B8DBF /* Debug */ = {
			isa = XCBuildConfiguration;
			buildSettings = {
				ALWAYS_SEARCH_USER_PATHS = NO;
				CLANG_ANALYZER_NONNULL = YES;
				CLANG_ANALYZER_NUMBER_OBJECT_CONVERSION = YES_AGGRESSIVE;
				CLANG_CXX_LANGUAGE_STANDARD = "gnu++14";
				CLANG_CXX_LIBRARY = "libc++";
				CLANG_ENABLE_MODULES = YES;
				CLANG_ENABLE_OBJC_ARC = YES;
				CLANG_ENABLE_OBJC_WEAK = YES;
				CLANG_WARN_BLOCK_CAPTURE_AUTORELEASING = YES;
				CLANG_WARN_BOOL_CONVERSION = YES;
				CLANG_WARN_COMMA = YES;
				CLANG_WARN_CONSTANT_CONVERSION = YES;
				CLANG_WARN_DEPRECATED_OBJC_IMPLEMENTATIONS = YES;
				CLANG_WARN_DIRECT_OBJC_ISA_USAGE = YES_ERROR;
				CLANG_WARN_DOCUMENTATION_COMMENTS = YES;
				CLANG_WARN_EMPTY_BODY = YES;
				CLANG_WARN_ENUM_CONVERSION = YES;
				CLANG_WARN_INFINITE_RECURSION = YES;
				CLANG_WARN_INT_CONVERSION = YES;
				CLANG_WARN_NON_LITERAL_NULL_CONVERSION = YES;
				CLANG_WARN_OBJC_IMPLICIT_RETAIN_SELF = YES;
				CLANG_WARN_OBJC_LITERAL_CONVERSION = YES;
				CLANG_WARN_OBJC_ROOT_CLASS = YES_ERROR;
				CLANG_WARN_RANGE_LOOP_ANALYSIS = YES;
				CLANG_WARN_STRICT_PROTOTYPES = YES;
				CLANG_WARN_SUSPICIOUS_MOVE = YES;
				CLANG_WARN_UNGUARDED_AVAILABILITY = YES_AGGRESSIVE;
				CLANG_WARN_UNREACHABLE_CODE = YES;
				CLANG_WARN__DUPLICATE_METHOD_MATCH = YES;
				CODE_SIGN_IDENTITY = "iPhone Developer";
				COPY_PHASE_STRIP = NO;
				DEBUG_INFORMATION_FORMAT = dwarf;
				ENABLE_STRICT_OBJC_MSGSEND = YES;
				ENABLE_TESTABILITY = YES;
				GCC_C_LANGUAGE_STANDARD = gnu11;
				GCC_DYNAMIC_NO_PIC = NO;
				GCC_NO_COMMON_BLOCKS = YES;
				GCC_OPTIMIZATION_LEVEL = 0;
				GCC_PREPROCESSOR_DEFINITIONS = (
					"DEBUG=1",
					"$(inherited)",
				);
				GCC_WARN_64_TO_32_BIT_CONVERSION = YES;
				GCC_WARN_ABOUT_RETURN_TYPE = YES_ERROR;
				GCC_WARN_UNDECLARED_SELECTOR = YES;
				GCC_WARN_UNINITIALIZED_AUTOS = YES_AGGRESSIVE;
				GCC_WARN_UNUSED_FUNCTION = YES;
				GCC_WARN_UNUSED_VARIABLE = YES;
				IPHONEOS_DEPLOYMENT_TARGET = 11.4;
				MTL_ENABLE_DEBUG_INFO = YES;
				ONLY_ACTIVE_ARCH = YES;
				SDKROOT = iphoneos;
				SWIFT_ACTIVE_COMPILATION_CONDITIONS = DEBUG;
				SWIFT_OPTIMIZATION_LEVEL = "-Onone";
			};
			name = Debug;
		};
		D7D7763020F897AE002B8DBF /* Release */ = {
			isa = XCBuildConfiguration;
			buildSettings = {
				ALWAYS_SEARCH_USER_PATHS = NO;
				CLANG_ANALYZER_NONNULL = YES;
				CLANG_ANALYZER_NUMBER_OBJECT_CONVERSION = YES_AGGRESSIVE;
				CLANG_CXX_LANGUAGE_STANDARD = "gnu++14";
				CLANG_CXX_LIBRARY = "libc++";
				CLANG_ENABLE_MODULES = YES;
				CLANG_ENABLE_OBJC_ARC = YES;
				CLANG_ENABLE_OBJC_WEAK = YES;
				CLANG_WARN_BLOCK_CAPTURE_AUTORELEASING = YES;
				CLANG_WARN_BOOL_CONVERSION = YES;
				CLANG_WARN_COMMA = YES;
				CLANG_WARN_CONSTANT_CONVERSION = YES;
				CLANG_WARN_DEPRECATED_OBJC_IMPLEMENTATIONS = YES;
				CLANG_WARN_DIRECT_OBJC_ISA_USAGE = YES_ERROR;
				CLANG_WARN_DOCUMENTATION_COMMENTS = YES;
				CLANG_WARN_EMPTY_BODY = YES;
				CLANG_WARN_ENUM_CONVERSION = YES;
				CLANG_WARN_INFINITE_RECURSION = YES;
				CLANG_WARN_INT_CONVERSION = YES;
				CLANG_WARN_NON_LITERAL_NULL_CONVERSION = YES;
				CLANG_WARN_OBJC_IMPLICIT_RETAIN_SELF = YES;
				CLANG_WARN_OBJC_LITERAL_CONVERSION = YES;
				CLANG_WARN_OBJC_ROOT_CLASS = YES_ERROR;
				CLANG_WARN_RANGE_LOOP_ANALYSIS = YES;
				CLANG_WARN_STRICT_PROTOTYPES = YES;
				CLANG_WARN_SUSPICIOUS_MOVE = YES;
				CLANG_WARN_UNGUARDED_AVAILABILITY = YES_AGGRESSIVE;
				CLANG_WARN_UNREACHABLE_CODE = YES;
				CLANG_WARN__DUPLICATE_METHOD_MATCH = YES;
				CODE_SIGN_IDENTITY = "iPhone Developer";
				COPY_PHASE_STRIP = NO;
				DEBUG_INFORMATION_FORMAT = "dwarf-with-dsym";
				ENABLE_NS_ASSERTIONS = NO;
				ENABLE_STRICT_OBJC_MSGSEND = YES;
				GCC_C_LANGUAGE_STANDARD = gnu11;
				GCC_NO_COMMON_BLOCKS = YES;
				GCC_WARN_64_TO_32_BIT_CONVERSION = YES;
				GCC_WARN_ABOUT_RETURN_TYPE = YES_ERROR;
				GCC_WARN_UNDECLARED_SELECTOR = YES;
				GCC_WARN_UNINITIALIZED_AUTOS = YES_AGGRESSIVE;
				GCC_WARN_UNUSED_FUNCTION = YES;
				GCC_WARN_UNUSED_VARIABLE = YES;
				IPHONEOS_DEPLOYMENT_TARGET = 11.4;
				MTL_ENABLE_DEBUG_INFO = NO;
				SDKROOT = iphoneos;
				SWIFT_COMPILATION_MODE = wholemodule;
				SWIFT_OPTIMIZATION_LEVEL = "-O";
				VALIDATE_PRODUCT = YES;
			};
			name = Release;
		};
		D7D7763220F897AE002B8DBF /* Debug */ = {
			isa = XCBuildConfiguration;
			buildSettings = {
				ASSETCATALOG_COMPILER_APPICON_NAME = AppIcon;
				CODE_SIGN_STYLE = Manual;
				DEVELOPMENT_TEAM = "";
				INFOPLIST_FILE = diskPhoto/Info.plist;
				LD_RUNPATH_SEARCH_PATHS = (
					"$(inherited)",
					"@executable_path/Frameworks",
				);
				PRODUCT_BUNDLE_IDENTIFIER = ru.yandex.courses.networking.diskPhoto;
				PRODUCT_NAME = "$(TARGET_NAME)";
				PROVISIONING_PROFILE_SPECIFIER = "";
				SWIFT_VERSION = 4.0;
				TARGETED_DEVICE_FAMILY = "1,2";
			};
			name = Debug;
		};
		D7D7763320F897AE002B8DBF /* Release */ = {
			isa = XCBuildConfiguration;
			buildSettings = {
				ASSETCATALOG_COMPILER_APPICON_NAME = AppIcon;
				CODE_SIGN_STYLE = Manual;
				DEVELOPMENT_TEAM = "";
				INFOPLIST_FILE = diskPhoto/Info.plist;
				LD_RUNPATH_SEARCH_PATHS = (
					"$(inherited)",
					"@executable_path/Frameworks",
				);
				PRODUCT_BUNDLE_IDENTIFIER = ru.yandex.courses.networking.diskPhoto;
				PRODUCT_NAME = "$(TARGET_NAME)";
				PROVISIONING_PROFILE_SPECIFIER = "";
				SWIFT_VERSION = 4.0;
				TARGETED_DEVICE_FAMILY = "1,2";
			};
			name = Release;
		};
/* End XCBuildConfiguration section */

/* Begin XCConfigurationList section */
		D7D7761A20F897AD002B8DBF /* Build configuration list for PBXProject "diskPhoto" */ = {
			isa = XCConfigurationList;
			buildConfigurations = (
				D7D7762F20F897AE002B8DBF /* Debug */,
				D7D7763020F897AE002B8DBF /* Release */,
			);
			defaultConfigurationIsVisible = 0;
			defaultConfigurationName = Release;
		};
		D7D7763120F897AE002B8DBF /* Build configuration list for PBXNativeTarget "diskPhoto" */ = {
			isa = XCConfigurationList;
			buildConfigurations = (
				D7D7763220F897AE002B8DBF /* Debug */,
				D7D7763320F897AE002B8DBF /* Release */,
			);
			defaultConfigurationIsVisible = 0;
			defaultConfigurationName = Release;
		};
/* End XCConfigurationList section */
	};
	rootObject = D7D7761720F897AD002B8DBF /* Project object */;
}
