// !$*UTF8*$!
{
	archiveVersion = 1;
	classes = {
	};
	objectVersion = 50;
	objects = {

/* Begin PBXBuildFile section */
		215D6D6223019A0500B84EE6 /* AppDelegate.swift in Sources */ = {isa = PBXBuildFile; fileRef = 215D6D6123019A0500B84EE6 /* AppDelegate.swift */; };
		215D6D6423019A0500B84EE6 /* OrganizationsViewController.swift in Sources */ = {isa = PBXBuildFile; fileRef = 215D6D6323019A0500B84EE6 /* OrganizationsViewController.swift */; };
		215D6D6723019A0500B84EE6 /* Main.storyboard in Resources */ = {isa = PBXBuildFile; fileRef = 215D6D6523019A0500B84EE6 /* Main.storyboard */; };
		215D6D6923019A0600B84EE6 /* Assets.xcassets in Resources */ = {isa = PBXBuildFile; fileRef = 215D6D6823019A0600B84EE6 /* Assets.xcassets */; };
		215D6D6C23019A0600B84EE6 /* LaunchScreen.storyboard in Resources */ = {isa = PBXBuildFile; fileRef = 215D6D6A23019A0600B84EE6 /* LaunchScreen.storyboard */; };
		215D6D7823019D4300B84EE6 /* Model.xcdatamodeld in Sources */ = {isa = PBXBuildFile; fileRef = 215D6D7623019D4200B84EE6 /* Model.xcdatamodeld */; };
		215D6D872301B17700B84EE6 /* EmployeesViewController.swift in Sources */ = {isa = PBXBuildFile; fileRef = 215D6D862301B17700B84EE6 /* EmployeesViewController.swift */; };
		703A0E032301E66F003DFEAE /* Model_mapping.xcmappingmodel in Sources */ = {isa = PBXBuildFile; fileRef = 703A0E022301E66F003DFEAE /* Model_mapping.xcmappingmodel */; };
/* End PBXBuildFile section */

/* Begin PBXFileReference section */
		215D6D5E23019A0500B84EE6 /* Database.app */ = {isa = PBXFileReference; explicitFileType = wrapper.application; includeInIndex = 0; path = Database.app; sourceTree = BUILT_PRODUCTS_DIR; };
		215D6D6123019A0500B84EE6 /* AppDelegate.swift */ = {isa = PBXFileReference; lastKnownFileType = sourcecode.swift; path = AppDelegate.swift; sourceTree = "<group>"; };
		215D6D6323019A0500B84EE6 /* OrganizationsViewController.swift */ = {isa = PBXFileReference; lastKnownFileType = sourcecode.swift; path = OrganizationsViewController.swift; sourceTree = "<group>"; };
		215D6D6623019A0500B84EE6 /* Base */ = {isa = PBXFileReference; lastKnownFileType = file.storyboard; name = Base; path = Base.lproj/Main.storyboard; sourceTree = "<group>"; };
		215D6D6823019A0600B84EE6 /* Assets.xcassets */ = {isa = PBXFileReference; lastKnownFileType = folder.assetcatalog; path = Assets.xcassets; sourceTree = "<group>"; };
		215D6D6B23019A0600B84EE6 /* Base */ = {isa = PBXFileReference; lastKnownFileType = file.storyboard; name = Base; path = Base.lproj/LaunchScreen.storyboard; sourceTree = "<group>"; };
		215D6D6D23019A0600B84EE6 /* Info.plist */ = {isa = PBXFileReference; lastKnownFileType = text.plist.xml; path = Info.plist; sourceTree = "<group>"; };
		215D6D7723019D4300B84EE6 /* Model.xcdatamodel */ = {isa = PBXFileReference; lastKnownFileType = wrapper.xcdatamodel; path = Model.xcdatamodel; sourceTree = "<group>"; };
		215D6D862301B17700B84EE6 /* EmployeesViewController.swift */ = {isa = PBXFileReference; lastKnownFileType = sourcecode.swift; path = EmployeesViewController.swift; sourceTree = "<group>"; };
		703A0E012301E46F003DFEAE /* Model 2.xcdatamodel */ = {isa = PBXFileReference; lastKnownFileType = wrapper.xcdatamodel; path = "Model 2.xcdatamodel"; sourceTree = "<group>"; };
		703A0E022301E66F003DFEAE /* Model_mapping.xcmappingmodel */ = {isa = PBXFileReference; lastKnownFileType = wrapper.xcmappingmodel; name = Model_mapping.xcmappingmodel; path = Database/Model_mapping.xcmappingmodel; sourceTree = "<group>"; };
/* End PBXFileReference section */

/* Begin PBXFrameworksBuildPhase section */
		215D6D5B23019A0500B84EE6 /* Frameworks */ = {
			isa = PBXFrameworksBuildPhase;
			buildActionMask = 2147483647;
			files = (
			);
			runOnlyForDeploymentPostprocessing = 0;
		};
/* End PBXFrameworksBuildPhase section */

/* Begin PBXGroup section */
		215D6D5523019A0500B84EE6 = {
			isa = PBXGroup;
			children = (
				703A0E022301E66F003DFEAE /* Model_mapping.xcmappingmodel */,
				215D6D6023019A0500B84EE6 /* Database */,
				215D6D5F23019A0500B84EE6 /* Products */,
			);
			sourceTree = "<group>";
		};
		215D6D5F23019A0500B84EE6 /* Products */ = {
			isa = PBXGroup;
			children = (
				215D6D5E23019A0500B84EE6 /* Database.app */,
			);
			name = Products;
			sourceTree = "<group>";
		};
		215D6D6023019A0500B84EE6 /* Database */ = {
			isa = PBXGroup;
			children = (
				215D6D7D23019F7800B84EE6 /* CoreData */,
				215D6D7623019D4200B84EE6 /* Model.xcdatamodeld */,
				215D6D6123019A0500B84EE6 /* AppDelegate.swift */,
				215D6D6323019A0500B84EE6 /* OrganizationsViewController.swift */,
				215D6D862301B17700B84EE6 /* EmployeesViewController.swift */,
				215D6D6523019A0500B84EE6 /* Main.storyboard */,
				215D6D6823019A0600B84EE6 /* Assets.xcassets */,
				215D6D6A23019A0600B84EE6 /* LaunchScreen.storyboard */,
				215D6D6D23019A0600B84EE6 /* Info.plist */,
			);
			path = Database;
			sourceTree = "<group>";
		};
		215D6D7D23019F7800B84EE6 /* CoreData */ = {
			isa = PBXGroup;
			children = (
			);
			path = CoreData;
			sourceTree = "<group>";
		};
/* End PBXGroup section */

/* Begin PBXNativeTarget section */
		215D6D5D23019A0500B84EE6 /* Database */ = {
			isa = PBXNativeTarget;
			buildConfigurationList = 215D6D7023019A0600B84EE6 /* Build configuration list for PBXNativeTarget "Database" */;
			buildPhases = (
				215D6D5A23019A0500B84EE6 /* Sources */,
				215D6D5B23019A0500B84EE6 /* Frameworks */,
				215D6D5C23019A0500B84EE6 /* Resources */,
			);
			buildRules = (
			);
			dependencies = (
			);
			name = Database;
			productName = Database;
			productReference = 215D6D5E23019A0500B84EE6 /* Database.app */;
			productType = "com.apple.product-type.application";
		};
/* End PBXNativeTarget section */

/* Begin PBXProject section */
		215D6D5623019A0500B84EE6 /* Project object */ = {
			isa = PBXProject;
			attributes = {
				LastSwiftUpdateCheck = 1030;
				LastUpgradeCheck = 1030;
				ORGANIZATIONNAME = "Roman Brovko";
				TargetAttributes = {
					215D6D5D23019A0500B84EE6 = {
						CreatedOnToolsVersion = 10.3;
					};
				};
			};
			buildConfigurationList = 215D6D5923019A0500B84EE6 /* Build configuration list for PBXProject "Database" */;
			compatibilityVersion = "Xcode 9.3";
			developmentRegion = en;
			hasScannedForEncodings = 0;
			knownRegions = (
				en,
				Base,
			);
			mainGroup = 215D6D5523019A0500B84EE6;
			productRefGroup = 215D6D5F23019A0500B84EE6 /* Products */;
			projectDirPath = "";
			projectRoot = "";
			targets = (
				215D6D5D23019A0500B84EE6 /* Database */,
			);
		};
/* End PBXProject section */

/* Begin PBXResourcesBuildPhase section */
		215D6D5C23019A0500B84EE6 /* Resources */ = {
			isa = PBXResourcesBuildPhase;
			buildActionMask = 2147483647;
			files = (
				215D6D6C23019A0600B84EE6 /* LaunchScreen.storyboard in Resources */,
				215D6D6923019A0600B84EE6 /* Assets.xcassets in Resources */,
				215D6D6723019A0500B84EE6 /* Main.storyboard in Resources */,
			);
			runOnlyForDeploymentPostprocessing = 0;
		};
/* End PBXResourcesBuildPhase section */

/* Begin PBXSourcesBuildPhase section */
		215D6D5A23019A0500B84EE6 /* Sources */ = {
			isa = PBXSourcesBuildPhase;
			buildActionMask = 2147483647;
			files = (
				215D6D6423019A0500B84EE6 /* OrganizationsViewController.swift in Sources */,
				215D6D6223019A0500B84EE6 /* AppDelegate.swift in Sources */,
				215D6D872301B17700B84EE6 /* EmployeesViewController.swift in Sources */,
				703A0E032301E66F003DFEAE /* Model_mapping.xcmappingmodel in Sources */,
				215D6D7823019D4300B84EE6 /* Model.xcdatamodeld in Sources */,
			);
			runOnlyForDeploymentPostprocessing = 0;
		};
/* End PBXSourcesBuildPhase section */

/* Begin PBXVariantGroup section */
		215D6D6523019A0500B84EE6 /* Main.storyboard */ = {
			isa = PBXVariantGroup;
			children = (
				215D6D6623019A0500B84EE6 /* Base */,
			);
			name = Main.storyboard;
			sourceTree = "<group>";
		};
		215D6D6A23019A0600B84EE6 /* LaunchScreen.storyboard */ = {
			isa = PBXVariantGroup;
			children = (
				215D6D6B23019A0600B84EE6 /* Base */,
			);
			name = LaunchScreen.storyboard;
			sourceTree = "<group>";
		};
/* End PBXVariantGroup section */

/* Begin XCBuildConfiguration section */
		215D6D6E23019A0600B84EE6 /* Debug */ = {
			isa = XCBuildConfiguration;
			buildSettings = {
				ALWAYS_SEARCH_USER_PATHS = NO;
				CLANG_ANALYZER_NONNULL = YES;
				CLANG_ANALYZER_NUMBER_OBJECT_CONVERSION = YES_AGGRESSIVE;
				CLANG_CXX_LANGUAGE_STANDARD = "gnu++14";
				CLANG_CXX_LIBRARY = "libc++";
				CLANG_ENABLE_MODULES = YES;
				CLANG_ENABLE_OBJC_ARC = YES;
				CLANG_ENABLE_OBJC_WEAK = YES;
				CLANG_WARN_BLOCK_CAPTURE_AUTORELEASING = YES;
				CLANG_WARN_BOOL_CONVERSION = YES;
				CLANG_WARN_COMMA = YES;
				CLANG_WARN_CONSTANT_CONVERSION = YES;
				CLANG_WARN_DEPRECATED_OBJC_IMPLEMENTATIONS = YES;
				CLANG_WARN_DIRECT_OBJC_ISA_USAGE = YES_ERROR;
				CLANG_WARN_DOCUMENTATION_COMMENTS = YES;
				CLANG_WARN_EMPTY_BODY = YES;
				CLANG_WARN_ENUM_CONVERSION = YES;
				CLANG_WARN_INFINITE_RECURSION = YES;
				CLANG_WARN_INT_CONVERSION = YES;
				CLANG_WARN_NON_LITERAL_NULL_CONVERSION = YES;
				CLANG_WARN_OBJC_IMPLICIT_RETAIN_SELF = YES;
				CLANG_WARN_OBJC_LITERAL_CONVERSION = YES;
				CLANG_WARN_OBJC_ROOT_CLASS = YES_ERROR;
				CLANG_WARN_RANGE_LOOP_ANALYSIS = YES;
				CLANG_WARN_STRICT_PROTOTYPES = YES;
				CLANG_WARN_SUSPICIOUS_MOVE = YES;
				CLANG_WARN_UNGUARDED_AVAILABILITY = YES_AGGRESSIVE;
				CLANG_WARN_UNREACHABLE_CODE = YES;
				CLANG_WARN__DUPLICATE_METHOD_MATCH = YES;
				CODE_SIGN_IDENTITY = "iPhone Developer";
				COPY_PHASE_STRIP = NO;
				DEBUG_INFORMATION_FORMAT = dwarf;
				ENABLE_STRICT_OBJC_MSGSEND = YES;
				ENABLE_TESTABILITY = YES;
				GCC_C_LANGUAGE_STANDARD = gnu11;
				GCC_DYNAMIC_NO_PIC = NO;
				GCC_NO_COMMON_BLOCKS = YES;
				GCC_OPTIMIZATION_LEVEL = 0;
				GCC_PREPROCESSOR_DEFINITIONS = (
					"DEBUG=1",
					"$(inherited)",
				);
				GCC_WARN_64_TO_32_BIT_CONVERSION = YES;
				GCC_WARN_ABOUT_RETURN_TYPE = YES_ERROR;
				GCC_WARN_UNDECLARED_SELECTOR = YES;
				GCC_WARN_UNINITIALIZED_AUTOS = YES_AGGRESSIVE;
				GCC_WARN_UNUSED_FUNCTION = YES;
				GCC_WARN_UNUSED_VARIABLE = YES;
				IPHONEOS_DEPLOYMENT_TARGET = 12.4;
				MTL_ENABLE_DEBUG_INFO = INCLUDE_SOURCE;
				MTL_FAST_MATH = YES;
				ONLY_ACTIVE_ARCH = YES;
				SDKROOT = iphoneos;
				SWIFT_ACTIVE_COMPILATION_CONDITIONS = DEBUG;
				SWIFT_OPTIMIZATION_LEVEL = "-Onone";
			};
			name = Debug;
		};
		215D6D6F23019A0600B84EE6 /* Release */ = {
			isa = XCBuildConfiguration;
			buildSettings = {
				ALWAYS_SEARCH_USER_PATHS = NO;
				CLANG_ANALYZER_NONNULL = YES;
				CLANG_ANALYZER_NUMBER_OBJECT_CONVERSION = YES_AGGRESSIVE;
				CLANG_CXX_LANGUAGE_STANDARD = "gnu++14";
				CLANG_CXX_LIBRARY = "libc++";
				CLANG_ENABLE_MODULES = YES;
				CLANG_ENABLE_OBJC_ARC = YES;
				CLANG_ENABLE_OBJC_WEAK = YES;
				CLANG_WARN_BLOCK_CAPTURE_AUTORELEASING = YES;
				CLANG_WARN_BOOL_CONVERSION = YES;
				CLANG_WARN_COMMA = YES;
				CLANG_WARN_CONSTANT_CONVERSION = YES;
				CLANG_WARN_DEPRECATED_OBJC_IMPLEMENTATIONS = YES;
				CLANG_WARN_DIRECT_OBJC_ISA_USAGE = YES_ERROR;
				CLANG_WARN_DOCUMENTATION_COMMENTS = YES;
				CLANG_WARN_EMPTY_BODY = YES;
				CLANG_WARN_ENUM_CONVERSION = YES;
				CLANG_WARN_INFINITE_RECURSION = YES;
				CLANG_WARN_INT_CONVERSION = YES;
				CLANG_WARN_NON_LITERAL_NULL_CONVERSION = YES;
				CLANG_WARN_OBJC_IMPLICIT_RETAIN_SELF = YES;
				CLANG_WARN_OBJC_LITERAL_CONVERSION = YES;
				CLANG_WARN_OBJC_ROOT_CLASS = YES_ERROR;
				CLANG_WARN_RANGE_LOOP_ANALYSIS = YES;
				CLANG_WARN_STRICT_PROTOTYPES = YES;
				CLANG_WARN_SUSPICIOUS_MOVE = YES;
				CLANG_WARN_UNGUARDED_AVAILABILITY = YES_AGGRESSIVE;
				CLANG_WARN_UNREACHABLE_CODE = YES;
				CLANG_WARN__DUPLICATE_METHOD_MATCH = YES;
				CODE_SIGN_IDENTITY = "iPhone Developer";
				COPY_PHASE_STRIP = NO;
				DEBUG_INFORMATION_FORMAT = "dwarf-with-dsym";
				ENABLE_NS_ASSERTIONS = NO;
				ENABLE_STRICT_OBJC_MSGSEND = YES;
				GCC_C_LANGUAGE_STANDARD = gnu11;
				GCC_NO_COMMON_BLOCKS = YES;
				GCC_WARN_64_TO_32_BIT_CONVERSION = YES;
				GCC_WARN_ABOUT_RETURN_TYPE = YES_ERROR;
				GCC_WARN_UNDECLARED_SELECTOR = YES;
				GCC_WARN_UNINITIALIZED_AUTOS = YES_AGGRESSIVE;
				GCC_WARN_UNUSED_FUNCTION = YES;
				GCC_WARN_UNUSED_VARIABLE = YES;
				IPHONEOS_DEPLOYMENT_TARGET = 12.4;
				MTL_ENABLE_DEBUG_INFO = NO;
				MTL_FAST_MATH = YES;
				SDKROOT = iphoneos;
				SWIFT_COMPILATION_MODE = wholemodule;
				SWIFT_OPTIMIZATION_LEVEL = "-O";
				VALIDATE_PRODUCT = YES;
			};
			name = Release;
		};
		215D6D7123019A0600B84EE6 /* Debug */ = {
			isa = XCBuildConfiguration;
			buildSettings = {
				ASSETCATALOG_COMPILER_APPICON_NAME = AppIcon;
				CODE_SIGN_STYLE = Automatic;
				INFOPLIST_FILE = Database/Info.plist;
				LD_RUNPATH_SEARCH_PATHS = (
					"$(inherited)",
					"@executable_path/Frameworks",
				);
				PRODUCT_BUNDLE_IDENTIFIER = com.blogspot.programming086.Database;
				PRODUCT_NAME = "$(TARGET_NAME)";
				SWIFT_VERSION = 5.0;
				TARGETED_DEVICE_FAMILY = "1,2";
			};
			name = Debug;
		};
		215D6D7223019A0600B84EE6 /* Release */ = {
			isa = XCBuildConfiguration;
			buildSettings = {
				ASSETCATALOG_COMPILER_APPICON_NAME = AppIcon;
				CODE_SIGN_STYLE = Automatic;
				INFOPLIST_FILE = Database/Info.plist;
				LD_RUNPATH_SEARCH_PATHS = (
					"$(inherited)",
					"@executable_path/Frameworks",
				);
				PRODUCT_BUNDLE_IDENTIFIER = com.blogspot.programming086.Database;
				PRODUCT_NAME = "$(TARGET_NAME)";
				SWIFT_VERSION = 5.0;
				TARGETED_DEVICE_FAMILY = "1,2";
			};
			name = Release;
		};
/* End XCBuildConfiguration section */

/* Begin XCConfigurationList section */
		215D6D5923019A0500B84EE6 /* Build configuration list for PBXProject "Database" */ = {
			isa = XCConfigurationList;
			buildConfigurations = (
				215D6D6E23019A0600B84EE6 /* Debug */,
				215D6D6F23019A0600B84EE6 /* Release */,
			);
			defaultConfigurationIsVisible = 0;
			defaultConfigurationName = Release;
		};
		215D6D7023019A0600B84EE6 /* Build configuration list for PBXNativeTarget "Database" */ = {
			isa = XCConfigurationList;
			buildConfigurations = (
				215D6D7123019A0600B84EE6 /* Debug */,
				215D6D7223019A0600B84EE6 /* Release */,
			);
			defaultConfigurationIsVisible = 0;
			defaultConfigurationName = Release;
		};
/* End XCConfigurationList section */

/* Begin XCVersionGroup section */
		215D6D7623019D4200B84EE6 /* Model.xcdatamodeld */ = {
			isa = XCVersionGroup;
			children = (
				703A0E012301E46F003DFEAE /* Model 2.xcdatamodel */,
				215D6D7723019D4300B84EE6 /* Model.xcdatamodel */,
			);
			currentVersion = 703A0E012301E46F003DFEAE /* Model 2.xcdatamodel */;
			path = Model.xcdatamodeld;
			sourceTree = "<group>";
			versionGroupType = wrapper.xcdatamodel;
		};
/* End XCVersionGroup section */
	};
	rootObject = 215D6D5623019A0500B84EE6 /* Project object */;
}
