// !$*UTF8*$!
{
	archiveVersion = 1;
	classes = {
	};
	objectVersion = 50;
	objects = {

/* Begin PBXBuildFile section */
		794F48AF95C9ECBE6759AA72 /* libPods-Test.a in Frameworks */ = {isa = PBXBuildFile; fileRef = 614CD1B64F9B532BA291DC74 /* libPods-Test.a */; };
		C9E6316722A41F7100A1E8CF /* AppDelegate.swift in Sources */ = {isa = PBXBuildFile; fileRef = C9E6316622A41F7100A1E8CF /* AppDelegate.swift */; };
		C9E6316922A41F7100A1E8CF /* ViewController.swift in Sources */ = {isa = PBXBuildFile; fileRef = C9E6316822A41F7100A1E8CF /* ViewController.swift */; };
		C9E6316C22A41F7100A1E8CF /* Main.storyboard in Resources */ = {isa = PBXBuildFile; fileRef = C9E6316A22A41F7100A1E8CF /* Main.storyboard */; };
		C9E6316E22A41F7200A1E8CF /* Assets.xcassets in Resources */ = {isa = PBXBuildFile; fileRef = C9E6316D22A41F7200A1E8CF /* Assets.xcassets */; };
		C9E6317122A41F7200A1E8CF /* LaunchScreen.storyboard in Resources */ = {isa = PBXBuildFile; fileRef = C9E6316F22A41F7200A1E8CF /* LaunchScreen.storyboard */; };
		C9E6317C22A41F7200A1E8CF /* TestTests.swift in Sources */ = {isa = PBXBuildFile; fileRef = C9E6317B22A41F7200A1E8CF /* TestTests.swift */; };
/* End PBXBuildFile section */

/* Begin PBXContainerItemProxy section */
		C9E6317822A41F7200A1E8CF /* PBXContainerItemProxy */ = {
			isa = PBXContainerItemProxy;
			containerPortal = C9E6315B22A41F7100A1E8CF /* Project object */;
			proxyType = 1;
			remoteGlobalIDString = C9E6316222A41F7100A1E8CF;
			remoteInfo = Test;
		};
/* End PBXContainerItemProxy section */

/* Begin PBXFileReference section */
		0598F2C8E83E2AB7023C8CD4 /* Pods-Test.debug.xcconfig */ = {isa = PBXFileReference; includeInIndex = 1; lastKnownFileType = text.xcconfig; name = "Pods-Test.debug.xcconfig"; path = "Target Support Files/Pods-Test/Pods-Test.debug.xcconfig"; sourceTree = "<group>"; };
		614CD1B64F9B532BA291DC74 /* libPods-Test.a */ = {isa = PBXFileReference; explicitFileType = archive.ar; includeInIndex = 0; path = "libPods-Test.a"; sourceTree = BUILT_PRODUCTS_DIR; };
		C9E6316322A41F7100A1E8CF /* Test.app */ = {isa = PBXFileReference; explicitFileType = wrapper.application; includeInIndex = 0; path = Test.app; sourceTree = BUILT_PRODUCTS_DIR; };
		C9E6316622A41F7100A1E8CF /* AppDelegate.swift */ = {isa = PBXFileReference; lastKnownFileType = sourcecode.swift; path = AppDelegate.swift; sourceTree = "<group>"; };
		C9E6316822A41F7100A1E8CF /* ViewController.swift */ = {isa = PBXFileReference; lastKnownFileType = sourcecode.swift; path = ViewController.swift; sourceTree = "<group>"; };
		C9E6316B22A41F7100A1E8CF /* Base */ = {isa = PBXFileReference; lastKnownFileType = file.storyboard; name = Base; path = Base.lproj/Main.storyboard; sourceTree = "<group>"; };
		C9E6316D22A41F7200A1E8CF /* Assets.xcassets */ = {isa = PBXFileReference; lastKnownFileType = folder.assetcatalog; path = Assets.xcassets; sourceTree = "<group>"; };
		C9E6317022A41F7200A1E8CF /* Base */ = {isa = PBXFileReference; lastKnownFileType = file.storyboard; name = Base; path = Base.lproj/LaunchScreen.storyboard; sourceTree = "<group>"; };
		C9E6317222A41F7200A1E8CF /* Info.plist */ = {isa = PBXFileReference; lastKnownFileType = text.plist.xml; path = Info.plist; sourceTree = "<group>"; };
		C9E6317722A41F7200A1E8CF /* TestTests.xctest */ = {isa = PBXFileReference; explicitFileType = wrapper.cfbundle; includeInIndex = 0; path = TestTests.xctest; sourceTree = BUILT_PRODUCTS_DIR; };
		C9E6317B22A41F7200A1E8CF /* TestTests.swift */ = {isa = PBXFileReference; lastKnownFileType = sourcecode.swift; path = TestTests.swift; sourceTree = "<group>"; };
		C9E6317D22A41F7200A1E8CF /* Info.plist */ = {isa = PBXFileReference; lastKnownFileType = text.plist.xml; path = Info.plist; sourceTree = "<group>"; };
		FA3911C133340FE112346B27 /* Pods-Test.release.xcconfig */ = {isa = PBXFileReference; includeInIndex = 1; lastKnownFileType = text.xcconfig; name = "Pods-Test.release.xcconfig"; path = "Target Support Files/Pods-Test/Pods-Test.release.xcconfig"; sourceTree = "<group>"; };
/* End PBXFileReference section */

/* Begin PBXFrameworksBuildPhase section */
		C9E6316022A41F7100A1E8CF /* Frameworks */ = {
			isa = PBXFrameworksBuildPhase;
			buildActionMask = 2147483647;
			files = (
				794F48AF95C9ECBE6759AA72 /* libPods-Test.a in Frameworks */,
			);
			runOnlyForDeploymentPostprocessing = 0;
		};
		C9E6317422A41F7200A1E8CF /* Frameworks */ = {
			isa = PBXFrameworksBuildPhase;
			buildActionMask = 2147483647;
			files = (
			);
			runOnlyForDeploymentPostprocessing = 0;
		};
/* End PBXFrameworksBuildPhase section */

/* Begin PBXGroup section */
		604F23080FC255A4C5CC49B2 /* Frameworks */ = {
			isa = PBXGroup;
			children = (
				614CD1B64F9B532BA291DC74 /* libPods-Test.a */,
			);
			name = Frameworks;
			sourceTree = "<group>";
		};
		B4C897A6BF6ECC81731F49CA /* Pods */ = {
			isa = PBXGroup;
			children = (
				0598F2C8E83E2AB7023C8CD4 /* Pods-Test.debug.xcconfig */,
				FA3911C133340FE112346B27 /* Pods-Test.release.xcconfig */,
			);
			name = Pods;
			path = Pods;
			sourceTree = "<group>";
		};
		C9E6315A22A41F7100A1E8CF = {
			isa = PBXGroup;
			children = (
				C9E6316522A41F7100A1E8CF /* Test */,
				C9E6317A22A41F7200A1E8CF /* TestTests */,
				C9E6316422A41F7100A1E8CF /* Products */,
				B4C897A6BF6ECC81731F49CA /* Pods */,
				604F23080FC255A4C5CC49B2 /* Frameworks */,
			);
			sourceTree = "<group>";
		};
		C9E6316422A41F7100A1E8CF /* Products */ = {
			isa = PBXGroup;
			children = (
				C9E6316322A41F7100A1E8CF /* Test.app */,
				C9E6317722A41F7200A1E8CF /* TestTests.xctest */,
			);
			name = Products;
			sourceTree = "<group>";
		};
		C9E6316522A41F7100A1E8CF /* Test */ = {
			isa = PBXGroup;
			children = (
				C9E6316622A41F7100A1E8CF /* AppDelegate.swift */,
				C9E6316822A41F7100A1E8CF /* ViewController.swift */,
				C9E6316A22A41F7100A1E8CF /* Main.storyboard */,
				C9E6316D22A41F7200A1E8CF /* Assets.xcassets */,
				C9E6316F22A41F7200A1E8CF /* LaunchScreen.storyboard */,
				C9E6317222A41F7200A1E8CF /* Info.plist */,
			);
			path = Test;
			sourceTree = "<group>";
		};
		C9E6317A22A41F7200A1E8CF /* TestTests */ = {
			isa = PBXGroup;
			children = (
				C9E6317B22A41F7200A1E8CF /* TestTests.swift */,
				C9E6317D22A41F7200A1E8CF /* Info.plist */,
			);
			path = TestTests;
			sourceTree = "<group>";
		};
/* End PBXGroup section */

/* Begin PBXNativeTarget section */
		C9E6316222A41F7100A1E8CF /* Test */ = {
			isa = PBXNativeTarget;
			buildConfigurationList = C9E6318022A41F7200A1E8CF /* Build configuration list for PBXNativeTarget "Test" */;
			buildPhases = (
				399C3E448BBA4D1104065417 /* [CP] Check Pods Manifest.lock */,
				C9E6315F22A41F7100A1E8CF /* Sources */,
				C9E6316022A41F7100A1E8CF /* Frameworks */,
				C9E6316122A41F7100A1E8CF /* Resources */,
			);
			buildRules = (
			);
			dependencies = (
			);
			name = Test;
			productName = Test;
			productReference = C9E6316322A41F7100A1E8CF /* Test.app */;
			productType = "com.apple.product-type.application";
		};
		C9E6317622A41F7200A1E8CF /* TestTests */ = {
			isa = PBXNativeTarget;
			buildConfigurationList = C9E6318322A41F7200A1E8CF /* Build configuration list for PBXNativeTarget "TestTests" */;
			buildPhases = (
				C9E6317322A41F7200A1E8CF /* Sources */,
				C9E6317422A41F7200A1E8CF /* Frameworks */,
				C9E6317522A41F7200A1E8CF /* Resources */,
			);
			buildRules = (
			);
			dependencies = (
				C9E6317922A41F7200A1E8CF /* PBXTargetDependency */,
			);
			name = TestTests;
			productName = TestTests;
			productReference = C9E6317722A41F7200A1E8CF /* TestTests.xctest */;
			productType = "com.apple.product-type.bundle.unit-test";
		};
/* End PBXNativeTarget section */

/* Begin PBXProject section */
		C9E6315B22A41F7100A1E8CF /* Project object */ = {
			isa = PBXProject;
			attributes = {
				LastSwiftUpdateCheck = 1020;
				LastUpgradeCheck = 1020;
				ORGANIZATIONNAME = "Olga Vyrostko";
				TargetAttributes = {
					C9E6316222A41F7100A1E8CF = {
						CreatedOnToolsVersion = 10.2.1;
					};
					C9E6317622A41F7200A1E8CF = {
						CreatedOnToolsVersion = 10.2.1;
						TestTargetID = C9E6316222A41F7100A1E8CF;
					};
				};
			};
			buildConfigurationList = C9E6315E22A41F7100A1E8CF /* Build configuration list for PBXProject "Test" */;
			compatibilityVersion = "Xcode 9.3";
			developmentRegion = en;
			hasScannedForEncodings = 0;
			knownRegions = (
				en,
				Base,
			);
			mainGroup = C9E6315A22A41F7100A1E8CF;
			productRefGroup = C9E6316422A41F7100A1E8CF /* Products */;
			projectDirPath = "";
			projectRoot = "";
			targets = (
				C9E6316222A41F7100A1E8CF /* Test */,
				C9E6317622A41F7200A1E8CF /* TestTests */,
			);
		};
/* End PBXProject section */

/* Begin PBXResourcesBuildPhase section */
		C9E6316122A41F7100A1E8CF /* Resources */ = {
			isa = PBXResourcesBuildPhase;
			buildActionMask = 2147483647;
			files = (
				C9E6317122A41F7200A1E8CF /* LaunchScreen.storyboard in Resources */,
				C9E6316E22A41F7200A1E8CF /* Assets.xcassets in Resources */,
				C9E6316C22A41F7100A1E8CF /* Main.storyboard in Resources */,
			);
			runOnlyForDeploymentPostprocessing = 0;
		};
		C9E6317522A41F7200A1E8CF /* Resources */ = {
			isa = PBXResourcesBuildPhase;
			buildActionMask = 2147483647;
			files = (
			);
			runOnlyForDeploymentPostprocessing = 0;
		};
/* End PBXResourcesBuildPhase section */

/* Begin PBXShellScriptBuildPhase section */
		399C3E448BBA4D1104065417 /* [CP] Check Pods Manifest.lock */ = {
			isa = PBXShellScriptBuildPhase;
			buildActionMask = 2147483647;
			files = (
			);
			inputFileListPaths = (
			);
			inputPaths = (
				"${PODS_PODFILE_DIR_PATH}/Podfile.lock",
				"${PODS_ROOT}/Manifest.lock",
			);
			name = "[CP] Check Pods Manifest.lock";
			outputFileListPaths = (
			);
			outputPaths = (
				"$(DERIVED_FILE_DIR)/Pods-Test-checkManifestLockResult.txt",
			);
			runOnlyForDeploymentPostprocessing = 0;
			shellPath = /bin/sh;
			shellScript = "diff \"${PODS_PODFILE_DIR_PATH}/Podfile.lock\" \"${PODS_ROOT}/Manifest.lock\" > /dev/null\nif [ $? != 0 ] ; then\n    # print error to STDERR\n    echo \"error: The sandbox is not in sync with the Podfile.lock. Run 'pod install' or update your CocoaPods installation.\" >&2\n    exit 1\nfi\n# This output is used by Xcode 'outputs' to avoid re-running this script phase.\necho \"SUCCESS\" > \"${SCRIPT_OUTPUT_FILE_0}\"\n";
			showEnvVarsInLog = 0;
		};
/* End PBXShellScriptBuildPhase section */

/* Begin PBXSourcesBuildPhase section */
		C9E6315F22A41F7100A1E8CF /* Sources */ = {
			isa = PBXSourcesBuildPhase;
			buildActionMask = 2147483647;
			files = (
				C9E6316922A41F7100A1E8CF /* ViewController.swift in Sources */,
				C9E6316722A41F7100A1E8CF /* AppDelegate.swift in Sources */,
			);
			runOnlyForDeploymentPostprocessing = 0;
		};
		C9E6317322A41F7200A1E8CF /* Sources */ = {
			isa = PBXSourcesBuildPhase;
			buildActionMask = 2147483647;
			files = (
				C9E6317C22A41F7200A1E8CF /* TestTests.swift in Sources */,
			);
			runOnlyForDeploymentPostprocessing = 0;
		};
/* End PBXSourcesBuildPhase section */

/* Begin PBXTargetDependency section */
		C9E6317922A41F7200A1E8CF /* PBXTargetDependency */ = {
			isa = PBXTargetDependency;
			target = C9E6316222A41F7100A1E8CF /* Test */;
			targetProxy = C9E6317822A41F7200A1E8CF /* PBXContainerItemProxy */;
		};
/* End PBXTargetDependency section */

/* Begin PBXVariantGroup section */
		C9E6316A22A41F7100A1E8CF /* Main.storyboard */ = {
			isa = PBXVariantGroup;
			children = (
				C9E6316B22A41F7100A1E8CF /* Base */,
			);
			name = Main.storyboard;
			sourceTree = "<group>";
		};
		C9E6316F22A41F7200A1E8CF /* LaunchScreen.storyboard */ = {
			isa = PBXVariantGroup;
			children = (
				C9E6317022A41F7200A1E8CF /* Base */,
			);
			name = LaunchScreen.storyboard;
			sourceTree = "<group>";
		};
/* End PBXVariantGroup section */

/* Begin XCBuildConfiguration section */
		C9E6317E22A41F7200A1E8CF /* Debug */ = {
			isa = XCBuildConfiguration;
			buildSettings = {
				ALWAYS_SEARCH_USER_PATHS = NO;
				CLANG_ANALYZER_NONNULL = YES;
				CLANG_ANALYZER_NUMBER_OBJECT_CONVERSION = YES_AGGRESSIVE;
				CLANG_CXX_LANGUAGE_STANDARD = "gnu++14";
				CLANG_CXX_LIBRARY = "libc++";
				CLANG_ENABLE_MODULES = YES;
				CLANG_ENABLE_OBJC_ARC = YES;
				CLANG_ENABLE_OBJC_WEAK = YES;
				CLANG_WARN_BLOCK_CAPTURE_AUTORELEASING = YES;
				CLANG_WARN_BOOL_CONVERSION = YES;
				CLANG_WARN_COMMA = YES;
				CLANG_WARN_CONSTANT_CONVERSION = YES;
				CLANG_WARN_DEPRECATED_OBJC_IMPLEMENTATIONS = YES;
				CLANG_WARN_DIRECT_OBJC_ISA_USAGE = YES_ERROR;
				CLANG_WARN_DOCUMENTATION_COMMENTS = YES;
				CLANG_WARN_EMPTY_BODY = YES;
				CLANG_WARN_ENUM_CONVERSION = YES;
				CLANG_WARN_INFINITE_RECURSION = YES;
				CLANG_WARN_INT_CONVERSION = YES;
				CLANG_WARN_NON_LITERAL_NULL_CONVERSION = YES;
				CLANG_WARN_OBJC_IMPLICIT_RETAIN_SELF = YES;
				CLANG_WARN_OBJC_LITERAL_CONVERSION = YES;
				CLANG_WARN_OBJC_ROOT_CLASS = YES_ERROR;
				CLANG_WARN_RANGE_LOOP_ANALYSIS = YES;
				CLANG_WARN_STRICT_PROTOTYPES = YES;
				CLANG_WARN_SUSPICIOUS_MOVE = YES;
				CLANG_WARN_UNGUARDED_AVAILABILITY = YES_AGGRESSIVE;
				CLANG_WARN_UNREACHABLE_CODE = YES;
				CLANG_WARN__DUPLICATE_METHOD_MATCH = YES;
				CODE_SIGN_IDENTITY = "iPhone Developer";
				COPY_PHASE_STRIP = NO;
				DEBUG_INFORMATION_FORMAT = dwarf;
				ENABLE_STRICT_OBJC_MSGSEND = YES;
				ENABLE_TESTABILITY = YES;
				GCC_C_LANGUAGE_STANDARD = gnu11;
				GCC_DYNAMIC_NO_PIC = NO;
				GCC_NO_COMMON_BLOCKS = YES;
				GCC_OPTIMIZATION_LEVEL = 0;
				GCC_PREPROCESSOR_DEFINITIONS = (
					"DEBUG=1",
					"$(inherited)",
				);
				GCC_WARN_64_TO_32_BIT_CONVERSION = YES;
				GCC_WARN_ABOUT_RETURN_TYPE = YES_ERROR;
				GCC_WARN_UNDECLARED_SELECTOR = YES;
				GCC_WARN_UNINITIALIZED_AUTOS = YES_AGGRESSIVE;
				GCC_WARN_UNUSED_FUNCTION = YES;
				GCC_WARN_UNUSED_VARIABLE = YES;
				IPHONEOS_DEPLOYMENT_TARGET = 12.2;
				MTL_ENABLE_DEBUG_INFO = INCLUDE_SOURCE;
				MTL_FAST_MATH = YES;
				ONLY_ACTIVE_ARCH = YES;
				SDKROOT = iphoneos;
				SWIFT_ACTIVE_COMPILATION_CONDITIONS = DEBUG;
				SWIFT_OPTIMIZATION_LEVEL = "-Onone";
			};
			name = Debug;
		};
		C9E6317F22A41F7200A1E8CF /* Release */ = {
			isa = XCBuildConfiguration;
			buildSettings = {
				ALWAYS_SEARCH_USER_PATHS = NO;
				CLANG_ANALYZER_NONNULL = YES;
				CLANG_ANALYZER_NUMBER_OBJECT_CONVERSION = YES_AGGRESSIVE;
				CLANG_CXX_LANGUAGE_STANDARD = "gnu++14";
				CLANG_CXX_LIBRARY = "libc++";
				CLANG_ENABLE_MODULES = YES;
				CLANG_ENABLE_OBJC_ARC = YES;
				CLANG_ENABLE_OBJC_WEAK = YES;
				CLANG_WARN_BLOCK_CAPTURE_AUTORELEASING = YES;
				CLANG_WARN_BOOL_CONVERSION = YES;
				CLANG_WARN_COMMA = YES;
				CLANG_WARN_CONSTANT_CONVERSION = YES;
				CLANG_WARN_DEPRECATED_OBJC_IMPLEMENTATIONS = YES;
				CLANG_WARN_DIRECT_OBJC_ISA_USAGE = YES_ERROR;
				CLANG_WARN_DOCUMENTATION_COMMENTS = YES;
				CLANG_WARN_EMPTY_BODY = YES;
				CLANG_WARN_ENUM_CONVERSION = YES;
				CLANG_WARN_INFINITE_RECURSION = YES;
				CLANG_WARN_INT_CONVERSION = YES;
				CLANG_WARN_NON_LITERAL_NULL_CONVERSION = YES;
				CLANG_WARN_OBJC_IMPLICIT_RETAIN_SELF = YES;
				CLANG_WARN_OBJC_LITERAL_CONVERSION = YES;
				CLANG_WARN_OBJC_ROOT_CLASS = YES_ERROR;
				CLANG_WARN_RANGE_LOOP_ANALYSIS = YES;
				CLANG_WARN_STRICT_PROTOTYPES = YES;
				CLANG_WARN_SUSPICIOUS_MOVE = YES;
				CLANG_WARN_UNGUARDED_AVAILABILITY = YES_AGGRESSIVE;
				CLANG_WARN_UNREACHABLE_CODE = YES;
				CLANG_WARN__DUPLICATE_METHOD_MATCH = YES;
				CODE_SIGN_IDENTITY = "iPhone Developer";
				COPY_PHASE_STRIP = NO;
				DEBUG_INFORMATION_FORMAT = "dwarf-with-dsym";
				ENABLE_NS_ASSERTIONS = NO;
				ENABLE_STRICT_OBJC_MSGSEND = YES;
				GCC_C_LANGUAGE_STANDARD = gnu11;
				GCC_NO_COMMON_BLOCKS = YES;
				GCC_WARN_64_TO_32_BIT_CONVERSION = YES;
				GCC_WARN_ABOUT_RETURN_TYPE = YES_ERROR;
				GCC_WARN_UNDECLARED_SELECTOR = YES;
				GCC_WARN_UNINITIALIZED_AUTOS = YES_AGGRESSIVE;
				GCC_WARN_UNUSED_FUNCTION = YES;
				GCC_WARN_UNUSED_VARIABLE = YES;
				IPHONEOS_DEPLOYMENT_TARGET = 12.2;
				MTL_ENABLE_DEBUG_INFO = NO;
				MTL_FAST_MATH = YES;
				SDKROOT = iphoneos;
				SWIFT_COMPILATION_MODE = wholemodule;
				SWIFT_OPTIMIZATION_LEVEL = "-O";
				VALIDATE_PRODUCT = YES;
			};
			name = Release;
		};
		C9E6318122A41F7200A1E8CF /* Debug */ = {
			isa = XCBuildConfiguration;
			baseConfigurationReference = 0598F2C8E83E2AB7023C8CD4 /* Pods-Test.debug.xcconfig */;
			buildSettings = {
				ASSETCATALOG_COMPILER_APPICON_NAME = AppIcon;
				CODE_SIGN_STYLE = Automatic;
				DEVELOPMENT_TEAM = PRGDGY2P6L;
				INFOPLIST_FILE = Test/Info.plist;
				LD_RUNPATH_SEARCH_PATHS = (
					"$(inherited)",
					"@executable_path/Frameworks",
				);
				PRODUCT_BUNDLE_IDENTIFIER = olga.vyrostko.Test;
				PRODUCT_NAME = "$(TARGET_NAME)";
				SWIFT_VERSION = 5.0;
				TARGETED_DEVICE_FAMILY = "1,2";
			};
			name = Debug;
		};
		C9E6318222A41F7200A1E8CF /* Release */ = {
			isa = XCBuildConfiguration;
			baseConfigurationReference = FA3911C133340FE112346B27 /* Pods-Test.release.xcconfig */;
			buildSettings = {
				ASSETCATALOG_COMPILER_APPICON_NAME = AppIcon;
				CODE_SIGN_STYLE = Automatic;
				DEVELOPMENT_TEAM = PRGDGY2P6L;
				INFOPLIST_FILE = Test/Info.plist;
				LD_RUNPATH_SEARCH_PATHS = (
					"$(inherited)",
					"@executable_path/Frameworks",
				);
				PRODUCT_BUNDLE_IDENTIFIER = olga.vyrostko.Test;
				PRODUCT_NAME = "$(TARGET_NAME)";
				SWIFT_VERSION = 5.0;
				TARGETED_DEVICE_FAMILY = "1,2";
			};
			name = Release;
		};
		C9E6318422A41F7200A1E8CF /* Debug */ = {
			isa = XCBuildConfiguration;
			buildSettings = {
				ALWAYS_EMBED_SWIFT_STANDARD_LIBRARIES = YES;
				BUNDLE_LOADER = "$(TEST_HOST)";
				CODE_SIGN_STYLE = Automatic;
				DEVELOPMENT_TEAM = PRGDGY2P6L;
				INFOPLIST_FILE = TestTests/Info.plist;
				LD_RUNPATH_SEARCH_PATHS = (
					"$(inherited)",
					"@executable_path/Frameworks",
					"@loader_path/Frameworks",
				);
				PRODUCT_BUNDLE_IDENTIFIER = olga.vyrostko.TestTests;
				PRODUCT_NAME = "$(TARGET_NAME)";
				SWIFT_VERSION = 5.0;
				TARGETED_DEVICE_FAMILY = "1,2";
				TEST_HOST = "$(BUILT_PRODUCTS_DIR)/Test.app/Test";
			};
			name = Debug;
		};
		C9E6318522A41F7200A1E8CF /* Release */ = {
			isa = XCBuildConfiguration;
			buildSettings = {
				ALWAYS_EMBED_SWIFT_STANDARD_LIBRARIES = YES;
				BUNDLE_LOADER = "$(TEST_HOST)";
				CODE_SIGN_STYLE = Automatic;
				DEVELOPMENT_TEAM = PRGDGY2P6L;
				INFOPLIST_FILE = TestTests/Info.plist;
				LD_RUNPATH_SEARCH_PATHS = (
					"$(inherited)",
					"@executable_path/Frameworks",
					"@loader_path/Frameworks",
				);
				PRODUCT_BUNDLE_IDENTIFIER = olga.vyrostko.TestTests;
				PRODUCT_NAME = "$(TARGET_NAME)";
				SWIFT_VERSION = 5.0;
				TARGETED_DEVICE_FAMILY = "1,2";
				TEST_HOST = "$(BUILT_PRODUCTS_DIR)/Test.app/Test";
			};
			name = Release;
		};
/* End XCBuildConfiguration section */

/* Begin XCConfigurationList section */
		C9E6315E22A41F7100A1E8CF /* Build configuration list for PBXProject "Test" */ = {
			isa = XCConfigurationList;
			buildConfigurations = (
				C9E6317E22A41F7200A1E8CF /* Debug */,
				C9E6317F22A41F7200A1E8CF /* Release */,
			);
			defaultConfigurationIsVisible = 0;
			defaultConfigurationName = Release;
		};
		C9E6318022A41F7200A1E8CF /* Build configuration list for PBXNativeTarget "Test" */ = {
			isa = XCConfigurationList;
			buildConfigurations = (
				C9E6318122A41F7200A1E8CF /* Debug */,
				C9E6318222A41F7200A1E8CF /* Release */,
			);
			defaultConfigurationIsVisible = 0;
			defaultConfigurationName = Release;
		};
		C9E6318322A41F7200A1E8CF /* Build configuration list for PBXNativeTarget "TestTests" */ = {
			isa = XCConfigurationList;
			buildConfigurations = (
				C9E6318422A41F7200A1E8CF /* Debug */,
				C9E6318522A41F7200A1E8CF /* Release */,
			);
			defaultConfigurationIsVisible = 0;
			defaultConfigurationName = Release;
		};
/* End XCConfigurationList section */
	};
	rootObject = C9E6315B22A41F7100A1E8CF /* Project object */;
}
