// !$*UTF8*$!
{
	archiveVersion = 1;
	classes = {
	};
	objectVersion = 50;
	objects = {

/* Begin PBXBuildFile section */
		7016D22E22B811B60002B3FE /* AppDelegate.swift in Sources */ = {isa = PBXBuildFile; fileRef = 7016D22D22B811B60002B3FE /* AppDelegate.swift */; };
		7016D23022B811B60002B3FE /* ViewController.swift in Sources */ = {isa = PBXBuildFile; fileRef = 7016D22F22B811B60002B3FE /* ViewController.swift */; };
		7016D23322B811B60002B3FE /* Main.storyboard in Resources */ = {isa = PBXBuildFile; fileRef = 7016D23122B811B60002B3FE /* Main.storyboard */; };
		7016D23522B811B80002B3FE /* Assets.xcassets in Resources */ = {isa = PBXBuildFile; fileRef = 7016D23422B811B80002B3FE /* Assets.xcassets */; };
		7016D23822B811B80002B3FE /* LaunchScreen.storyboard in Resources */ = {isa = PBXBuildFile; fileRef = 7016D23622B811B80002B3FE /* LaunchScreen.storyboard */; };
		704FF39B22BE1A990069FDEB /* NoteTests.swift in Sources */ = {isa = PBXBuildFile; fileRef = 704FF39A22BE1A990069FDEB /* NoteTests.swift */; };
		704FF39F22BE21F50069FDEB /* NoteExtensionsTests.swift in Sources */ = {isa = PBXBuildFile; fileRef = 704FF39E22BE21F50069FDEB /* NoteExtensionsTests.swift */; };
		704FF3A122BE258D0069FDEB /* FileNotebookTests.swift in Sources */ = {isa = PBXBuildFile; fileRef = 704FF3A022BE258D0069FDEB /* FileNotebookTests.swift */; };
/* End PBXBuildFile section */

/* Begin PBXContainerItemProxy section */
		704FF39322BE19640069FDEB /* PBXContainerItemProxy */ = {
			isa = PBXContainerItemProxy;
			containerPortal = 7016D22222B811B60002B3FE /* Project object */;
			proxyType = 1;
			remoteGlobalIDString = 7016D22922B811B60002B3FE;
			remoteInfo = Note;
		};
/* End PBXContainerItemProxy section */

/* Begin PBXFileReference section */
		7016D22A22B811B60002B3FE /* Note.app */ = {isa = PBXFileReference; explicitFileType = wrapper.application; includeInIndex = 0; path = Note.app; sourceTree = BUILT_PRODUCTS_DIR; };
		7016D22D22B811B60002B3FE /* AppDelegate.swift */ = {isa = PBXFileReference; lastKnownFileType = sourcecode.swift; path = AppDelegate.swift; sourceTree = "<group>"; };
		7016D22F22B811B60002B3FE /* ViewController.swift */ = {isa = PBXFileReference; lastKnownFileType = sourcecode.swift; path = ViewController.swift; sourceTree = "<group>"; };
		7016D23222B811B60002B3FE /* Base */ = {isa = PBXFileReference; lastKnownFileType = file.storyboard; name = Base; path = Base.lproj/Main.storyboard; sourceTree = "<group>"; };
		7016D23422B811B80002B3FE /* Assets.xcassets */ = {isa = PBXFileReference; lastKnownFileType = folder.assetcatalog; path = Assets.xcassets; sourceTree = "<group>"; };
		7016D23722B811B80002B3FE /* Base */ = {isa = PBXFileReference; lastKnownFileType = file.storyboard; name = Base; path = Base.lproj/LaunchScreen.storyboard; sourceTree = "<group>"; };
		7016D23922B811B80002B3FE /* Info.plist */ = {isa = PBXFileReference; lastKnownFileType = text.plist.xml; path = Info.plist; sourceTree = "<group>"; };
		704FF38822BE18F90069FDEB /* README.md */ = {isa = PBXFileReference; lastKnownFileType = net.daringfireball.markdown; path = README.md; sourceTree = "<group>"; };
		704FF38E22BE19630069FDEB /* NoteTests.xctest */ = {isa = PBXFileReference; explicitFileType = wrapper.cfbundle; includeInIndex = 0; path = NoteTests.xctest; sourceTree = BUILT_PRODUCTS_DIR; };
		704FF39222BE19640069FDEB /* Info.plist */ = {isa = PBXFileReference; lastKnownFileType = text.plist.xml; path = Info.plist; sourceTree = "<group>"; };
		704FF39A22BE1A990069FDEB /* NoteTests.swift */ = {isa = PBXFileReference; fileEncoding = 4; lastKnownFileType = sourcecode.swift; path = NoteTests.swift; sourceTree = "<group>"; };
		704FF39D22BE21C90069FDEB /* tasks */ = {isa = PBXFileReference; lastKnownFileType = folder; path = tasks; sourceTree = "<group>"; };
		704FF39E22BE21F50069FDEB /* NoteExtensionsTests.swift */ = {isa = PBXFileReference; fileEncoding = 4; lastKnownFileType = sourcecode.swift; path = NoteExtensionsTests.swift; sourceTree = "<group>"; };
		704FF3A022BE258D0069FDEB /* FileNotebookTests.swift */ = {isa = PBXFileReference; fileEncoding = 4; lastKnownFileType = sourcecode.swift; path = FileNotebookTests.swift; sourceTree = "<group>"; };
/* End PBXFileReference section */

/* Begin PBXFrameworksBuildPhase section */
		7016D22722B811B60002B3FE /* Frameworks */ = {
			isa = PBXFrameworksBuildPhase;
			buildActionMask = 2147483647;
			files = (
			);
			runOnlyForDeploymentPostprocessing = 0;
		};
		704FF38B22BE19630069FDEB /* Frameworks */ = {
			isa = PBXFrameworksBuildPhase;
			buildActionMask = 2147483647;
			files = (
			);
			runOnlyForDeploymentPostprocessing = 0;
		};
/* End PBXFrameworksBuildPhase section */

/* Begin PBXGroup section */
		7016D22122B811B60002B3FE = {
			isa = PBXGroup;
			children = (
				704FF38822BE18F90069FDEB /* README.md */,
				704FF39D22BE21C90069FDEB /* tasks */,
				7016D22C22B811B60002B3FE /* Note */,
				704FF38F22BE19640069FDEB /* NoteTests */,
				7016D22B22B811B60002B3FE /* Products */,
			);
			sourceTree = "<group>";
		};
		7016D22B22B811B60002B3FE /* Products */ = {
			isa = PBXGroup;
			children = (
				7016D22A22B811B60002B3FE /* Note.app */,
				704FF38E22BE19630069FDEB /* NoteTests.xctest */,
			);
			name = Products;
			sourceTree = "<group>";
		};
		7016D22C22B811B60002B3FE /* Note */ = {
			isa = PBXGroup;
			children = (
				7016D22D22B811B60002B3FE /* AppDelegate.swift */,
				7016D22F22B811B60002B3FE /* ViewController.swift */,
				7016D23122B811B60002B3FE /* Main.storyboard */,
				7016D23422B811B80002B3FE /* Assets.xcassets */,
				7016D23622B811B80002B3FE /* LaunchScreen.storyboard */,
				7016D23922B811B80002B3FE /* Info.plist */,
			);
			path = Note;
			sourceTree = "<group>";
		};
		704FF38F22BE19640069FDEB /* NoteTests */ = {
			isa = PBXGroup;
			children = (
				704FF39822BE1A990069FDEB /* Cases */,
				704FF39222BE19640069FDEB /* Info.plist */,
			);
			path = NoteTests;
			sourceTree = "<group>";
		};
		704FF39822BE1A990069FDEB /* Cases */ = {
			isa = PBXGroup;
			children = (
				704FF39922BE1A990069FDEB /* Model */,
			);
			path = Cases;
			sourceTree = "<group>";
		};
		704FF39922BE1A990069FDEB /* Model */ = {
			isa = PBXGroup;
			children = (
				704FF39A22BE1A990069FDEB /* NoteTests.swift */,
				704FF39E22BE21F50069FDEB /* NoteExtensionsTests.swift */,
				704FF3A022BE258D0069FDEB /* FileNotebookTests.swift */,
			);
			path = Model;
			sourceTree = "<group>";
		};
/* End PBXGroup section */

/* Begin PBXNativeTarget section */
		7016D22922B811B60002B3FE /* Note */ = {
			isa = PBXNativeTarget;
			buildConfigurationList = 7016D23C22B811B80002B3FE /* Build configuration list for PBXNativeTarget "Note" */;
			buildPhases = (
				7016D22622B811B60002B3FE /* Sources */,
				7016D22722B811B60002B3FE /* Frameworks */,
				7016D22822B811B60002B3FE /* Resources */,
			);
			buildRules = (
			);
			dependencies = (
			);
			name = Note;
			productName = Note;
			productReference = 7016D22A22B811B60002B3FE /* Note.app */;
			productType = "com.apple.product-type.application";
		};
		704FF38D22BE19630069FDEB /* NoteTests */ = {
			isa = PBXNativeTarget;
			buildConfigurationList = 704FF39522BE19640069FDEB /* Build configuration list for PBXNativeTarget "NoteTests" */;
			buildPhases = (
				704FF38A22BE19630069FDEB /* Sources */,
				704FF38B22BE19630069FDEB /* Frameworks */,
				704FF38C22BE19630069FDEB /* Resources */,
			);
			buildRules = (
			);
			dependencies = (
				704FF39422BE19640069FDEB /* PBXTargetDependency */,
			);
			name = NoteTests;
			productName = NoteTests;
			productReference = 704FF38E22BE19630069FDEB /* NoteTests.xctest */;
			productType = "com.apple.product-type.bundle.unit-test";
		};
/* End PBXNativeTarget section */

/* Begin PBXProject section */
		7016D22222B811B60002B3FE /* Project object */ = {
			isa = PBXProject;
			attributes = {
				LastSwiftUpdateCheck = 1020;
				LastUpgradeCheck = 1020;
				ORGANIZATIONNAME = "Roman Brovko";
				TargetAttributes = {
					7016D22922B811B60002B3FE = {
						CreatedOnToolsVersion = 10.2;
					};
					704FF38D22BE19630069FDEB = {
						CreatedOnToolsVersion = 10.2.1;
						TestTargetID = 7016D22922B811B60002B3FE;
					};
				};
			};
			buildConfigurationList = 7016D22522B811B60002B3FE /* Build configuration list for PBXProject "Note" */;
			compatibilityVersion = "Xcode 9.3";
			developmentRegion = en;
			hasScannedForEncodings = 0;
			knownRegions = (
				en,
				Base,
			);
			mainGroup = 7016D22122B811B60002B3FE;
			productRefGroup = 7016D22B22B811B60002B3FE /* Products */;
			projectDirPath = "";
			projectRoot = "";
			targets = (
				7016D22922B811B60002B3FE /* Note */,
				704FF38D22BE19630069FDEB /* NoteTests */,
			);
		};
/* End PBXProject section */

/* Begin PBXResourcesBuildPhase section */
		7016D22822B811B60002B3FE /* Resources */ = {
			isa = PBXResourcesBuildPhase;
			buildActionMask = 2147483647;
			files = (
				7016D23822B811B80002B3FE /* LaunchScreen.storyboard in Resources */,
				7016D23522B811B80002B3FE /* Assets.xcassets in Resources */,
				7016D23322B811B60002B3FE /* Main.storyboard in Resources */,
			);
			runOnlyForDeploymentPostprocessing = 0;
		};
		704FF38C22BE19630069FDEB /* Resources */ = {
			isa = PBXResourcesBuildPhase;
			buildActionMask = 2147483647;
			files = (
			);
			runOnlyForDeploymentPostprocessing = 0;
		};
/* End PBXResourcesBuildPhase section */

/* Begin PBXSourcesBuildPhase section */
		7016D22622B811B60002B3FE /* Sources */ = {
			isa = PBXSourcesBuildPhase;
			buildActionMask = 2147483647;
			files = (
				7016D23022B811B60002B3FE /* ViewController.swift in Sources */,
				7016D22E22B811B60002B3FE /* AppDelegate.swift in Sources */,
			);
			runOnlyForDeploymentPostprocessing = 0;
		};
		704FF38A22BE19630069FDEB /* Sources */ = {
			isa = PBXSourcesBuildPhase;
			buildActionMask = 2147483647;
			files = (
				704FF3A122BE258D0069FDEB /* FileNotebookTests.swift in Sources */,
				704FF39B22BE1A990069FDEB /* NoteTests.swift in Sources */,
				704FF39F22BE21F50069FDEB /* NoteExtensionsTests.swift in Sources */,
			);
			runOnlyForDeploymentPostprocessing = 0;
		};
/* End PBXSourcesBuildPhase section */

/* Begin PBXTargetDependency section */
		704FF39422BE19640069FDEB /* PBXTargetDependency */ = {
			isa = PBXTargetDependency;
			target = 7016D22922B811B60002B3FE /* Note */;
			targetProxy = 704FF39322BE19640069FDEB /* PBXContainerItemProxy */;
		};
/* End PBXTargetDependency section */

/* Begin PBXVariantGroup section */
		7016D23122B811B60002B3FE /* Main.storyboard */ = {
			isa = PBXVariantGroup;
			children = (
				7016D23222B811B60002B3FE /* Base */,
			);
			name = Main.storyboard;
			sourceTree = "<group>";
		};
		7016D23622B811B80002B3FE /* LaunchScreen.storyboard */ = {
			isa = PBXVariantGroup;
			children = (
				7016D23722B811B80002B3FE /* Base */,
			);
			name = LaunchScreen.storyboard;
			sourceTree = "<group>";
		};
/* End PBXVariantGroup section */

/* Begin XCBuildConfiguration section */
		7016D23A22B811B80002B3FE /* Debug */ = {
			isa = XCBuildConfiguration;
			buildSettings = {
				ALWAYS_SEARCH_USER_PATHS = NO;
				CLANG_ANALYZER_NONNULL = YES;
				CLANG_ANALYZER_NUMBER_OBJECT_CONVERSION = YES_AGGRESSIVE;
				CLANG_CXX_LANGUAGE_STANDARD = "gnu++14";
				CLANG_CXX_LIBRARY = "libc++";
				CLANG_ENABLE_MODULES = YES;
				CLANG_ENABLE_OBJC_ARC = YES;
				CLANG_ENABLE_OBJC_WEAK = YES;
				CLANG_WARN_BLOCK_CAPTURE_AUTORELEASING = YES;
				CLANG_WARN_BOOL_CONVERSION = YES;
				CLANG_WARN_COMMA = YES;
				CLANG_WARN_CONSTANT_CONVERSION = YES;
				CLANG_WARN_DEPRECATED_OBJC_IMPLEMENTATIONS = YES;
				CLANG_WARN_DIRECT_OBJC_ISA_USAGE = YES_ERROR;
				CLANG_WARN_DOCUMENTATION_COMMENTS = YES;
				CLANG_WARN_EMPTY_BODY = YES;
				CLANG_WARN_ENUM_CONVERSION = YES;
				CLANG_WARN_INFINITE_RECURSION = YES;
				CLANG_WARN_INT_CONVERSION = YES;
				CLANG_WARN_NON_LITERAL_NULL_CONVERSION = YES;
				CLANG_WARN_OBJC_IMPLICIT_RETAIN_SELF = YES;
				CLANG_WARN_OBJC_LITERAL_CONVERSION = YES;
				CLANG_WARN_OBJC_ROOT_CLASS = YES_ERROR;
				CLANG_WARN_RANGE_LOOP_ANALYSIS = YES;
				CLANG_WARN_STRICT_PROTOTYPES = YES;
				CLANG_WARN_SUSPICIOUS_MOVE = YES;
				CLANG_WARN_UNGUARDED_AVAILABILITY = YES_AGGRESSIVE;
				CLANG_WARN_UNREACHABLE_CODE = YES;
				CLANG_WARN__DUPLICATE_METHOD_MATCH = YES;
				CODE_SIGN_IDENTITY = "iPhone Developer";
				COPY_PHASE_STRIP = NO;
				DEBUG_INFORMATION_FORMAT = dwarf;
				ENABLE_STRICT_OBJC_MSGSEND = YES;
				ENABLE_TESTABILITY = YES;
				GCC_C_LANGUAGE_STANDARD = gnu11;
				GCC_DYNAMIC_NO_PIC = NO;
				GCC_NO_COMMON_BLOCKS = YES;
				GCC_OPTIMIZATION_LEVEL = 0;
				GCC_PREPROCESSOR_DEFINITIONS = (
					"DEBUG=1",
					"$(inherited)",
				);
				GCC_WARN_64_TO_32_BIT_CONVERSION = YES;
				GCC_WARN_ABOUT_RETURN_TYPE = YES_ERROR;
				GCC_WARN_UNDECLARED_SELECTOR = YES;
				GCC_WARN_UNINITIALIZED_AUTOS = YES_AGGRESSIVE;
				GCC_WARN_UNUSED_FUNCTION = YES;
				GCC_WARN_UNUSED_VARIABLE = YES;
				IPHONEOS_DEPLOYMENT_TARGET = 12.2;
				MTL_ENABLE_DEBUG_INFO = INCLUDE_SOURCE;
				MTL_FAST_MATH = YES;
				ONLY_ACTIVE_ARCH = YES;
				SDKROOT = iphoneos;
				SWIFT_ACTIVE_COMPILATION_CONDITIONS = DEBUG;
				SWIFT_OPTIMIZATION_LEVEL = "-Onone";
			};
			name = Debug;
		};
		7016D23B22B811B80002B3FE /* Release */ = {
			isa = XCBuildConfiguration;
			buildSettings = {
				ALWAYS_SEARCH_USER_PATHS = NO;
				CLANG_ANALYZER_NONNULL = YES;
				CLANG_ANALYZER_NUMBER_OBJECT_CONVERSION = YES_AGGRESSIVE;
				CLANG_CXX_LANGUAGE_STANDARD = "gnu++14";
				CLANG_CXX_LIBRARY = "libc++";
				CLANG_ENABLE_MODULES = YES;
				CLANG_ENABLE_OBJC_ARC = YES;
				CLANG_ENABLE_OBJC_WEAK = YES;
				CLANG_WARN_BLOCK_CAPTURE_AUTORELEASING = YES;
				CLANG_WARN_BOOL_CONVERSION = YES;
				CLANG_WARN_COMMA = YES;
				CLANG_WARN_CONSTANT_CONVERSION = YES;
				CLANG_WARN_DEPRECATED_OBJC_IMPLEMENTATIONS = YES;
				CLANG_WARN_DIRECT_OBJC_ISA_USAGE = YES_ERROR;
				CLANG_WARN_DOCUMENTATION_COMMENTS = YES;
				CLANG_WARN_EMPTY_BODY = YES;
				CLANG_WARN_ENUM_CONVERSION = YES;
				CLANG_WARN_INFINITE_RECURSION = YES;
				CLANG_WARN_INT_CONVERSION = YES;
				CLANG_WARN_NON_LITERAL_NULL_CONVERSION = YES;
				CLANG_WARN_OBJC_IMPLICIT_RETAIN_SELF = YES;
				CLANG_WARN_OBJC_LITERAL_CONVERSION = YES;
				CLANG_WARN_OBJC_ROOT_CLASS = YES_ERROR;
				CLANG_WARN_RANGE_LOOP_ANALYSIS = YES;
				CLANG_WARN_STRICT_PROTOTYPES = YES;
				CLANG_WARN_SUSPICIOUS_MOVE = YES;
				CLANG_WARN_UNGUARDED_AVAILABILITY = YES_AGGRESSIVE;
				CLANG_WARN_UNREACHABLE_CODE = YES;
				CLANG_WARN__DUPLICATE_METHOD_MATCH = YES;
				CODE_SIGN_IDENTITY = "iPhone Developer";
				COPY_PHASE_STRIP = NO;
				DEBUG_INFORMATION_FORMAT = "dwarf-with-dsym";
				ENABLE_NS_ASSERTIONS = NO;
				ENABLE_STRICT_OBJC_MSGSEND = YES;
				GCC_C_LANGUAGE_STANDARD = gnu11;
				GCC_NO_COMMON_BLOCKS = YES;
				GCC_WARN_64_TO_32_BIT_CONVERSION = YES;
				GCC_WARN_ABOUT_RETURN_TYPE = YES_ERROR;
				GCC_WARN_UNDECLARED_SELECTOR = YES;
				GCC_WARN_UNINITIALIZED_AUTOS = YES_AGGRESSIVE;
				GCC_WARN_UNUSED_FUNCTION = YES;
				GCC_WARN_UNUSED_VARIABLE = YES;
				IPHONEOS_DEPLOYMENT_TARGET = 12.2;
				MTL_ENABLE_DEBUG_INFO = NO;
				MTL_FAST_MATH = YES;
				SDKROOT = iphoneos;
				SWIFT_COMPILATION_MODE = wholemodule;
				SWIFT_OPTIMIZATION_LEVEL = "-O";
				VALIDATE_PRODUCT = YES;
			};
			name = Release;
		};
		7016D23D22B811B80002B3FE /* Debug */ = {
			isa = XCBuildConfiguration;
			buildSettings = {
				ASSETCATALOG_COMPILER_APPICON_NAME = AppIcon;
				CODE_SIGN_STYLE = Automatic;
				INFOPLIST_FILE = Note/Info.plist;
				LD_RUNPATH_SEARCH_PATHS = (
					"$(inherited)",
					"@executable_path/Frameworks",
				);
				PRODUCT_BUNDLE_IDENTIFIER = com.blogspot.programming086.Note;
				PRODUCT_NAME = "$(TARGET_NAME)";
				SWIFT_VERSION = 5.0;
				TARGETED_DEVICE_FAMILY = "1,2";
			};
			name = Debug;
		};
		7016D23E22B811B80002B3FE /* Release */ = {
			isa = XCBuildConfiguration;
			buildSettings = {
				ASSETCATALOG_COMPILER_APPICON_NAME = AppIcon;
				CODE_SIGN_STYLE = Automatic;
				INFOPLIST_FILE = Note/Info.plist;
				LD_RUNPATH_SEARCH_PATHS = (
					"$(inherited)",
					"@executable_path/Frameworks",
				);
				PRODUCT_BUNDLE_IDENTIFIER = com.blogspot.programming086.Note;
				PRODUCT_NAME = "$(TARGET_NAME)";
				SWIFT_VERSION = 5.0;
				TARGETED_DEVICE_FAMILY = "1,2";
			};
			name = Release;
		};
		704FF39622BE19640069FDEB /* Debug */ = {
			isa = XCBuildConfiguration;
			buildSettings = {
				BUNDLE_LOADER = "$(TEST_HOST)";
				CODE_SIGN_STYLE = Automatic;
				INFOPLIST_FILE = NoteTests/Info.plist;
				LD_RUNPATH_SEARCH_PATHS = (
					"$(inherited)",
					"@executable_path/Frameworks",
					"@loader_path/Frameworks",
				);
				PRODUCT_BUNDLE_IDENTIFIER = com.blogspot.programming086.NoteTests;
				PRODUCT_NAME = "$(TARGET_NAME)";
				SWIFT_VERSION = 5.0;
				TARGETED_DEVICE_FAMILY = "1,2";
				TEST_HOST = "$(BUILT_PRODUCTS_DIR)/Note.app/Note";
			};
			name = Debug;
		};
		704FF39722BE19640069FDEB /* Release */ = {
			isa = XCBuildConfiguration;
			buildSettings = {
				BUNDLE_LOADER = "$(TEST_HOST)";
				CODE_SIGN_STYLE = Automatic;
				INFOPLIST_FILE = NoteTests/Info.plist;
				LD_RUNPATH_SEARCH_PATHS = (
					"$(inherited)",
					"@executable_path/Frameworks",
					"@loader_path/Frameworks",
				);
				PRODUCT_BUNDLE_IDENTIFIER = com.blogspot.programming086.NoteTests;
				PRODUCT_NAME = "$(TARGET_NAME)";
				SWIFT_VERSION = 5.0;
				TARGETED_DEVICE_FAMILY = "1,2";
				TEST_HOST = "$(BUILT_PRODUCTS_DIR)/Note.app/Note";
			};
			name = Release;
		};
/* End XCBuildConfiguration section */

/* Begin XCConfigurationList section */
		7016D22522B811B60002B3FE /* Build configuration list for PBXProject "Note" */ = {
			isa = XCConfigurationList;
			buildConfigurations = (
				7016D23A22B811B80002B3FE /* Debug */,
				7016D23B22B811B80002B3FE /* Release */,
			);
			defaultConfigurationIsVisible = 0;
			defaultConfigurationName = Release;
		};
		7016D23C22B811B80002B3FE /* Build configuration list for PBXNativeTarget "Note" */ = {
			isa = XCConfigurationList;
			buildConfigurations = (
				7016D23D22B811B80002B3FE /* Debug */,
				7016D23E22B811B80002B3FE /* Release */,
			);
			defaultConfigurationIsVisible = 0;
			defaultConfigurationName = Release;
		};
		704FF39522BE19640069FDEB /* Build configuration list for PBXNativeTarget "NoteTests" */ = {
			isa = XCConfigurationList;
			buildConfigurations = (
				704FF39622BE19640069FDEB /* Debug */,
				704FF39722BE19640069FDEB /* Release */,
			);
			defaultConfigurationIsVisible = 0;
			defaultConfigurationName = Release;
		};
/* End XCConfigurationList section */
	};
	rootObject = 7016D22222B811B60002B3FE /* Project object */;
}
