// !$*UTF8*$!
{
	archiveVersion = 1;
	classes = {
	};
	objectVersion = 50;
	objects = {

/* Begin PBXBuildFile section */
		B6168C4F2083E3170064E9B8 /* AppDelegate.swift in Sources */ = {isa = PBXBuildFile; fileRef = B6168C4E2083E3170064E9B8 /* AppDelegate.swift */; };
		B6168C512083E3170064E9B8 /* ContactsViewController.swift in Sources */ = {isa = PBXBuildFile; fileRef = B6168C502083E3170064E9B8 /* ContactsViewController.swift */; };
		B6168C542083E3170064E9B8 /* Main.storyboard in Resources */ = {isa = PBXBuildFile; fileRef = B6168C522083E3170064E9B8 /* Main.storyboard */; };
		B6168C562083E3180064E9B8 /* Assets.xcassets in Resources */ = {isa = PBXBuildFile; fileRef = B6168C552083E3180064E9B8 /* Assets.xcassets */; };
		B6168C592083E3180064E9B8 /* LaunchScreen.storyboard in Resources */ = {isa = PBXBuildFile; fileRef = B6168C572083E3180064E9B8 /* LaunchScreen.storyboard */; };
		B631869320B0412400B835B7 /* AddressBook.swift in Sources */ = {isa = PBXBuildFile; fileRef = B631869220B0412400B835B7 /* AddressBook.swift */; };
		B631869620B0429A00B835B7 /* DetailsViewController.swift in Sources */ = {isa = PBXBuildFile; fileRef = B631869420B0429A00B835B7 /* DetailsViewController.swift */; };
		B631869720B0429A00B835B7 /* DetailsViewController.xib in Resources */ = {isa = PBXBuildFile; fileRef = B631869520B0429A00B835B7 /* DetailsViewController.xib */; };
/* End PBXBuildFile section */

/* Begin PBXFileReference section */
		B6168C4B2083E3170064E9B8 /* ViewControllers_demo_MVC.app */ = {isa = PBXFileReference; explicitFileType = wrapper.application; includeInIndex = 0; path = ViewControllers_demo_MVC.app; sourceTree = BUILT_PRODUCTS_DIR; };
		B6168C4E2083E3170064E9B8 /* AppDelegate.swift */ = {isa = PBXFileReference; lastKnownFileType = sourcecode.swift; path = AppDelegate.swift; sourceTree = "<group>"; };
		B6168C502083E3170064E9B8 /* ContactsViewController.swift */ = {isa = PBXFileReference; lastKnownFileType = sourcecode.swift; path = ContactsViewController.swift; sourceTree = "<group>"; };
		B6168C532083E3170064E9B8 /* Base */ = {isa = PBXFileReference; lastKnownFileType = file.storyboard; name = Base; path = Base.lproj/Main.storyboard; sourceTree = "<group>"; };
		B6168C552083E3180064E9B8 /* Assets.xcassets */ = {isa = PBXFileReference; lastKnownFileType = folder.assetcatalog; path = Assets.xcassets; sourceTree = "<group>"; };
		B6168C582083E3180064E9B8 /* Base */ = {isa = PBXFileReference; lastKnownFileType = file.storyboard; name = Base; path = Base.lproj/LaunchScreen.storyboard; sourceTree = "<group>"; };
		B6168C5A2083E3180064E9B8 /* Info.plist */ = {isa = PBXFileReference; lastKnownFileType = text.plist.xml; path = Info.plist; sourceTree = "<group>"; };
		B631869220B0412400B835B7 /* AddressBook.swift */ = {isa = PBXFileReference; lastKnownFileType = sourcecode.swift; path = AddressBook.swift; sourceTree = "<group>"; };
		B631869420B0429A00B835B7 /* DetailsViewController.swift */ = {isa = PBXFileReference; lastKnownFileType = sourcecode.swift; path = DetailsViewController.swift; sourceTree = "<group>"; };
		B631869520B0429A00B835B7 /* DetailsViewController.xib */ = {isa = PBXFileReference; lastKnownFileType = file.xib; path = DetailsViewController.xib; sourceTree = "<group>"; };
/* End PBXFileReference section */

/* Begin PBXFrameworksBuildPhase section */
		B6168C482083E3170064E9B8 /* Frameworks */ = {
			isa = PBXFrameworksBuildPhase;
			buildActionMask = 2147483647;
			files = (
			);
			runOnlyForDeploymentPostprocessing = 0;
		};
/* End PBXFrameworksBuildPhase section */

/* Begin PBXGroup section */
		B6168C422083E3170064E9B8 = {
			isa = PBXGroup;
			children = (
				B6168C4D2083E3170064E9B8 /* ViewControllers_demo_MVC */,
				B6168C4C2083E3170064E9B8 /* Products */,
			);
			sourceTree = "<group>";
		};
		B6168C4C2083E3170064E9B8 /* Products */ = {
			isa = PBXGroup;
			children = (
				B6168C4B2083E3170064E9B8 /* ViewControllers_demo_MVC.app */,
			);
			name = Products;
			sourceTree = "<group>";
		};
		B6168C4D2083E3170064E9B8 /* ViewControllers_demo_MVC */ = {
			isa = PBXGroup;
			children = (
				B6168C4E2083E3170064E9B8 /* AppDelegate.swift */,
				B631869420B0429A00B835B7 /* DetailsViewController.swift */,
				B631869520B0429A00B835B7 /* DetailsViewController.xib */,
				B631869220B0412400B835B7 /* AddressBook.swift */,
				B6168C502083E3170064E9B8 /* ContactsViewController.swift */,
				B6168C522083E3170064E9B8 /* Main.storyboard */,
				B6168C552083E3180064E9B8 /* Assets.xcassets */,
				B6168C572083E3180064E9B8 /* LaunchScreen.storyboard */,
				B6168C5A2083E3180064E9B8 /* Info.plist */,
			);
			path = ViewControllers_demo_MVC;
			sourceTree = "<group>";
		};
/* End PBXGroup section */

/* Begin PBXNativeTarget section */
		B6168C4A2083E3170064E9B8 /* ViewControllers_demo_MVC */ = {
			isa = PBXNativeTarget;
			buildConfigurationList = B6168C5D2083E3180064E9B8 /* Build configuration list for PBXNativeTarget "ViewControllers_demo_MVC" */;
			buildPhases = (
				B6168C472083E3170064E9B8 /* Sources */,
				B6168C482083E3170064E9B8 /* Frameworks */,
				B6168C492083E3170064E9B8 /* Resources */,
			);
			buildRules = (
			);
			dependencies = (
			);
			name = ViewControllers_demo_MVC;
			productName = ViewControllers_demo_1;
			productReference = B6168C4B2083E3170064E9B8 /* ViewControllers_demo_MVC.app */;
			productType = "com.apple.product-type.application";
		};
/* End PBXNativeTarget section */

/* Begin PBXProject section */
		B6168C432083E3170064E9B8 /* Project object */ = {
			isa = PBXProject;
			attributes = {
				LastSwiftUpdateCheck = 0930;
				LastUpgradeCheck = 0930;
				ORGANIZATIONNAME = "Andrew Solovey";
				TargetAttributes = {
					B6168C4A2083E3170064E9B8 = {
						CreatedOnToolsVersion = 9.3;
						LastSwiftMigration = 1010;
					};
				};
			};
			buildConfigurationList = B6168C462083E3170064E9B8 /* Build configuration list for PBXProject "ViewControllers_demo_MVC" */;
			compatibilityVersion = "Xcode 9.3";
			developmentRegion = en;
			hasScannedForEncodings = 0;
			knownRegions = (
				en,
				Base,
			);
			mainGroup = B6168C422083E3170064E9B8;
			productRefGroup = B6168C4C2083E3170064E9B8 /* Products */;
			projectDirPath = "";
			projectRoot = "";
			targets = (
				B6168C4A2083E3170064E9B8 /* ViewControllers_demo_MVC */,
			);
		};
/* End PBXProject section */

/* Begin PBXResourcesBuildPhase section */
		B6168C492083E3170064E9B8 /* Resources */ = {
			isa = PBXResourcesBuildPhase;
			buildActionMask = 2147483647;
			files = (
				B6168C592083E3180064E9B8 /* LaunchScreen.storyboard in Resources */,
				B6168C562083E3180064E9B8 /* Assets.xcassets in Resources */,
				B6168C542083E3170064E9B8 /* Main.storyboard in Resources */,
				B631869720B0429A00B835B7 /* DetailsViewController.xib in Resources */,
			);
			runOnlyForDeploymentPostprocessing = 0;
		};
/* End PBXResourcesBuildPhase section */

/* Begin PBXSourcesBuildPhase section */
		B6168C472083E3170064E9B8 /* Sources */ = {
			isa = PBXSourcesBuildPhase;
			buildActionMask = 2147483647;
			files = (
				B631869320B0412400B835B7 /* AddressBook.swift in Sources */,
				B6168C512083E3170064E9B8 /* ContactsViewController.swift in Sources */,
				B6168C4F2083E3170064E9B8 /* AppDelegate.swift in Sources */,
				B631869620B0429A00B835B7 /* DetailsViewController.swift in Sources */,
			);
			runOnlyForDeploymentPostprocessing = 0;
		};
/* End PBXSourcesBuildPhase section */

/* Begin PBXVariantGroup section */
		B6168C522083E3170064E9B8 /* Main.storyboard */ = {
			isa = PBXVariantGroup;
			children = (
				B6168C532083E3170064E9B8 /* Base */,
			);
			name = Main.storyboard;
			sourceTree = "<group>";
		};
		B6168C572083E3180064E9B8 /* LaunchScreen.storyboard */ = {
			isa = PBXVariantGroup;
			children = (
				B6168C582083E3180064E9B8 /* Base */,
			);
			name = LaunchScreen.storyboard;
			sourceTree = "<group>";
		};
/* End PBXVariantGroup section */

/* Begin XCBuildConfiguration section */
		B6168C5B2083E3180064E9B8 /* Debug */ = {
			isa = XCBuildConfiguration;
			buildSettings = {
				ALWAYS_SEARCH_USER_PATHS = NO;
				CLANG_ANALYZER_NONNULL = YES;
				CLANG_ANALYZER_NUMBER_OBJECT_CONVERSION = YES_AGGRESSIVE;
				CLANG_CXX_LANGUAGE_STANDARD = "gnu++14";
				CLANG_CXX_LIBRARY = "libc++";
				CLANG_ENABLE_MODULES = YES;
				CLANG_ENABLE_OBJC_ARC = YES;
				CLANG_ENABLE_OBJC_WEAK = YES;
				CLANG_WARN_BLOCK_CAPTURE_AUTORELEASING = YES;
				CLANG_WARN_BOOL_CONVERSION = YES;
				CLANG_WARN_COMMA = YES;
				CLANG_WARN_CONSTANT_CONVERSION = YES;
				CLANG_WARN_DEPRECATED_OBJC_IMPLEMENTATIONS = YES;
				CLANG_WARN_DIRECT_OBJC_ISA_USAGE = YES_ERROR;
				CLANG_WARN_DOCUMENTATION_COMMENTS = YES;
				CLANG_WARN_EMPTY_BODY = YES;
				CLANG_WARN_ENUM_CONVERSION = YES;
				CLANG_WARN_INFINITE_RECURSION = YES;
				CLANG_WARN_INT_CONVERSION = YES;
				CLANG_WARN_NON_LITERAL_NULL_CONVERSION = YES;
				CLANG_WARN_OBJC_IMPLICIT_RETAIN_SELF = YES;
				CLANG_WARN_OBJC_LITERAL_CONVERSION = YES;
				CLANG_WARN_OBJC_ROOT_CLASS = YES_ERROR;
				CLANG_WARN_RANGE_LOOP_ANALYSIS = YES;
				CLANG_WARN_STRICT_PROTOTYPES = YES;
				CLANG_WARN_SUSPICIOUS_MOVE = YES;
				CLANG_WARN_UNGUARDED_AVAILABILITY = YES_AGGRESSIVE;
				CLANG_WARN_UNREACHABLE_CODE = YES;
				CLANG_WARN__DUPLICATE_METHOD_MATCH = YES;
				CODE_SIGN_IDENTITY = "iPhone Developer";
				COPY_PHASE_STRIP = NO;
				DEBUG_INFORMATION_FORMAT = dwarf;
				ENABLE_STRICT_OBJC_MSGSEND = YES;
				ENABLE_TESTABILITY = YES;
				GCC_C_LANGUAGE_STANDARD = gnu11;
				GCC_DYNAMIC_NO_PIC = NO;
				GCC_NO_COMMON_BLOCKS = YES;
				GCC_OPTIMIZATION_LEVEL = 0;
				GCC_PREPROCESSOR_DEFINITIONS = (
					"DEBUG=1",
					"$(inherited)",
				);
				GCC_WARN_64_TO_32_BIT_CONVERSION = YES;
				GCC_WARN_ABOUT_RETURN_TYPE = YES_ERROR;
				GCC_WARN_UNDECLARED_SELECTOR = YES;
				GCC_WARN_UNINITIALIZED_AUTOS = YES_AGGRESSIVE;
				GCC_WARN_UNUSED_FUNCTION = YES;
				GCC_WARN_UNUSED_VARIABLE = YES;
				IPHONEOS_DEPLOYMENT_TARGET = 11.3;
				MTL_ENABLE_DEBUG_INFO = YES;
				ONLY_ACTIVE_ARCH = YES;
				SDKROOT = iphoneos;
				SWIFT_ACTIVE_COMPILATION_CONDITIONS = DEBUG;
				SWIFT_OPTIMIZATION_LEVEL = "-Onone";
			};
			name = Debug;
		};
		B6168C5C2083E3180064E9B8 /* Release */ = {
			isa = XCBuildConfiguration;
			buildSettings = {
				ALWAYS_SEARCH_USER_PATHS = NO;
				CLANG_ANALYZER_NONNULL = YES;
				CLANG_ANALYZER_NUMBER_OBJECT_CONVERSION = YES_AGGRESSIVE;
				CLANG_CXX_LANGUAGE_STANDARD = "gnu++14";
				CLANG_CXX_LIBRARY = "libc++";
				CLANG_ENABLE_MODULES = YES;
				CLANG_ENABLE_OBJC_ARC = YES;
				CLANG_ENABLE_OBJC_WEAK = YES;
				CLANG_WARN_BLOCK_CAPTURE_AUTORELEASING = YES;
				CLANG_WARN_BOOL_CONVERSION = YES;
				CLANG_WARN_COMMA = YES;
				CLANG_WARN_CONSTANT_CONVERSION = YES;
				CLANG_WARN_DEPRECATED_OBJC_IMPLEMENTATIONS = YES;
				CLANG_WARN_DIRECT_OBJC_ISA_USAGE = YES_ERROR;
				CLANG_WARN_DOCUMENTATION_COMMENTS = YES;
				CLANG_WARN_EMPTY_BODY = YES;
				CLANG_WARN_ENUM_CONVERSION = YES;
				CLANG_WARN_INFINITE_RECURSION = YES;
				CLANG_WARN_INT_CONVERSION = YES;
				CLANG_WARN_NON_LITERAL_NULL_CONVERSION = YES;
				CLANG_WARN_OBJC_IMPLICIT_RETAIN_SELF = YES;
				CLANG_WARN_OBJC_LITERAL_CONVERSION = YES;
				CLANG_WARN_OBJC_ROOT_CLASS = YES_ERROR;
				CLANG_WARN_RANGE_LOOP_ANALYSIS = YES;
				CLANG_WARN_STRICT_PROTOTYPES = YES;
				CLANG_WARN_SUSPICIOUS_MOVE = YES;
				CLANG_WARN_UNGUARDED_AVAILABILITY = YES_AGGRESSIVE;
				CLANG_WARN_UNREACHABLE_CODE = YES;
				CLANG_WARN__DUPLICATE_METHOD_MATCH = YES;
				CODE_SIGN_IDENTITY = "iPhone Developer";
				COPY_PHASE_STRIP = NO;
				DEBUG_INFORMATION_FORMAT = "dwarf-with-dsym";
				ENABLE_NS_ASSERTIONS = NO;
				ENABLE_STRICT_OBJC_MSGSEND = YES;
				GCC_C_LANGUAGE_STANDARD = gnu11;
				GCC_NO_COMMON_BLOCKS = YES;
				GCC_WARN_64_TO_32_BIT_CONVERSION = YES;
				GCC_WARN_ABOUT_RETURN_TYPE = YES_ERROR;
				GCC_WARN_UNDECLARED_SELECTOR = YES;
				GCC_WARN_UNINITIALIZED_AUTOS = YES_AGGRESSIVE;
				GCC_WARN_UNUSED_FUNCTION = YES;
				GCC_WARN_UNUSED_VARIABLE = YES;
				IPHONEOS_DEPLOYMENT_TARGET = 11.3;
				MTL_ENABLE_DEBUG_INFO = NO;
				SDKROOT = iphoneos;
				SWIFT_COMPILATION_MODE = wholemodule;
				SWIFT_OPTIMIZATION_LEVEL = "-O";
				VALIDATE_PRODUCT = YES;
			};
			name = Release;
		};
		B6168C5E2083E3180064E9B8 /* Debug */ = {
			isa = XCBuildConfiguration;
			buildSettings = {
				ASSETCATALOG_COMPILER_APPICON_NAME = AppIcon;
				CODE_SIGN_STYLE = Manual;
				DEVELOPMENT_TEAM = "";
				INFOPLIST_FILE = ViewControllers_demo_MVC/Info.plist;
				LD_RUNPATH_SEARCH_PATHS = (
					"$(inherited)",
					"@executable_path/Frameworks",
				);
				PRODUCT_BUNDLE_IDENTIFIER = "Yandex.ViewControllers-demo-1";
				PRODUCT_NAME = "$(TARGET_NAME)";
				PROVISIONING_PROFILE_SPECIFIER = "";
				SWIFT_VERSION = 4.2;
				TARGETED_DEVICE_FAMILY = "1,2";
			};
			name = Debug;
		};
		B6168C5F2083E3180064E9B8 /* Release */ = {
			isa = XCBuildConfiguration;
			buildSettings = {
				ASSETCATALOG_COMPILER_APPICON_NAME = AppIcon;
				CODE_SIGN_STYLE = Manual;
				DEVELOPMENT_TEAM = "";
				INFOPLIST_FILE = ViewControllers_demo_MVC/Info.plist;
				LD_RUNPATH_SEARCH_PATHS = (
					"$(inherited)",
					"@executable_path/Frameworks",
				);
				PRODUCT_BUNDLE_IDENTIFIER = "Yandex.ViewControllers-demo-1";
				PRODUCT_NAME = "$(TARGET_NAME)";
				PROVISIONING_PROFILE_SPECIFIER = "";
				SWIFT_VERSION = 4.2;
				TARGETED_DEVICE_FAMILY = "1,2";
			};
			name = Release;
		};
/* End XCBuildConfiguration section */

/* Begin XCConfigurationList section */
		B6168C462083E3170064E9B8 /* Build configuration list for PBXProject "ViewControllers_demo_MVC" */ = {
			isa = XCConfigurationList;
			buildConfigurations = (
				B6168C5B2083E3180064E9B8 /* Debug */,
				B6168C5C2083E3180064E9B8 /* Release */,
			);
			defaultConfigurationIsVisible = 0;
			defaultConfigurationName = Release;
		};
		B6168C5D2083E3180064E9B8 /* Build configuration list for PBXNativeTarget "ViewControllers_demo_MVC" */ = {
			isa = XCConfigurationList;
			buildConfigurations = (
				B6168C5E2083E3180064E9B8 /* Debug */,
				B6168C5F2083E3180064E9B8 /* Release */,
			);
			defaultConfigurationIsVisible = 0;
			defaultConfigurationName = Release;
		};
/* End XCConfigurationList section */
	};
	rootObject = B6168C432083E3170064E9B8 /* Project object */;
}
